// !$*UTF8*$!
{
	archiveVersion = 1;
	classes = {
	};
	objectVersion = 77;
	objects = {

/* Begin PBXBuildFile section */
		0112F693050CA4D6636F3F1D /* BookGrouperTests.swift in Sources */ = {isa = PBXBuildFile; fileRef = C857A89D8BE3D958EA4DB4BD /* BookGrouperTests.swift */; };
		02CD73C0D0486B848E0C32FE /* NASClient+Streaming.swift in Sources */ = {isa = PBXBuildFile; fileRef = 2DA26C5C4FCE8B21FC65224E /* NASClient+Streaming.swift */; };
		0507EF1BC8D1FFD27DFB766F /* CarPlayInterface.swift in Sources */ = {isa = PBXBuildFile; fileRef = 3548D15C0779ABA8F894721B /* CarPlayInterface.swift */; };
		0FBA666FCAC00DC25CBCB9AE /* SettingsView.swift in Sources */ = {isa = PBXBuildFile; fileRef = 8845D138187AA30B4D2D66FA /* SettingsView.swift */; };
		11E4A656986FEEB2998DFDAE /* LibraryModel+NAS.swift in Sources */ = {isa = PBXBuildFile; fileRef = 765166563772C00B922D84CE /* LibraryModel+NAS.swift */; };
		11FEBC0A661EE102CDE90A6B /* LibraryToolsView.swift in Sources */ = {isa = PBXBuildFile; fileRef = 4DE473AE8E224A77ED806632 /* LibraryToolsView.swift */; };
		1487A4C15D0A9869CD937D17 /* ArtworkStoreTests.swift in Sources */ = {isa = PBXBuildFile; fileRef = 22F43F134AAFB6721B29281D /* ArtworkStoreTests.swift */; };
		16AD45ACD0A4D41186694366 /* ReconnectLibraryView.swift in Sources */ = {isa = PBXBuildFile; fileRef = FCCF74D585D67817DFE3BA2E /* ReconnectLibraryView.swift */; };
		182123A438B927D533FC274E /* LibraryModel+Queries.swift in Sources */ = {isa = PBXBuildFile; fileRef = 5763E54B1EF17EE7A6B1D10D /* LibraryModel+Queries.swift */; };
		193EC2C791350A0AC8D4C1E0 /* chapter1.mp3 in Resources */ = {isa = PBXBuildFile; fileRef = D4AB7E053E1EDBD08ABF661A /* chapter1.mp3 */; };
		196F1B8B855703558BA8459C /* ListeningInsightsView.swift in Sources */ = {isa = PBXBuildFile; fileRef = 1218F207CB24F25899DEDE21 /* ListeningInsightsView.swift */; };
		1C21AD7FFD57A485A68FFE00 /* ProgressSyncTests.swift in Sources */ = {isa = PBXBuildFile; fileRef = 7E40164280CA9E44346EE942 /* ProgressSyncTests.swift */; };
		1D1422326630D00939B9F27D /* LibraryState.swift in Sources */ = {isa = PBXBuildFile; fileRef = E9E958126C9019EBE21E1F84 /* LibraryState.swift */; };
		1D772E61C16FC56AC9A17635 /* SMBResourceLoader.swift in Sources */ = {isa = PBXBuildFile; fileRef = E2E4D363B49AD5CFC7F0AFE9 /* SMBResourceLoader.swift */; };
		1DA07ABA7DEE99727DD475A6 /* CoverSearchTests.swift in Sources */ = {isa = PBXBuildFile; fileRef = FB8115FE155C26E428267EA0 /* CoverSearchTests.swift */; };
		200C3063CEE56783D168077F /* ListeningPresetsView.swift in Sources */ = {isa = PBXBuildFile; fileRef = C95A9C210516359B51C340CA /* ListeningPresetsView.swift */; };
		210BA1AB362E321CB3D9BFC2 /* LibraryModel+Cloud.swift in Sources */ = {isa = PBXBuildFile; fileRef = A49DC1CB59DAF8FA020F5F94 /* LibraryModel+Cloud.swift */; };
		2268B189466027ABFCEB1438 /* PlayerView.swift in Sources */ = {isa = PBXBuildFile; fileRef = 9BBDEE3EE28DD74DBB044B5D /* PlayerView.swift */; };
		2452A42928A096BC12775122 /* AppSettings.swift in Sources */ = {isa = PBXBuildFile; fileRef = AEB16F753EB29D72187857F1 /* AppSettings.swift */; };
		24C86A62AB0C9CC2048622E8 /* LibraryModel+Duplicates.swift in Sources */ = {isa = PBXBuildFile; fileRef = 79AF5C8DB06C7F439EDC5BFB /* LibraryModel+Duplicates.swift */; };
		24C96C2A8F0B8A3A331E6580 /* LibraryBackupView.swift in Sources */ = {isa = PBXBuildFile; fileRef = F18565FAECA3A7A42EF2241E /* LibraryBackupView.swift */; };
		2FC49A0262FEA03223CF383D /* CloudProgressSync.swift in Sources */ = {isa = PBXBuildFile; fileRef = DED77F24493E6E912E2FF488 /* CloudProgressSync.swift */; };
		31A2FABD9C0AC14289040FEE /* CoverChoice.swift in Sources */ = {isa = PBXBuildFile; fileRef = D10A619A7B7DD9D628D7CF41 /* CoverChoice.swift */; };
		32301B9659200C43DBFF1561 /* BookDetailView.swift in Sources */ = {isa = PBXBuildFile; fileRef = 692A485EFDE03BB1D9D10A80 /* BookDetailView.swift */; };
		32C224FAF75DAF8F54BCA093 /* BookContextMenu.swift in Sources */ = {isa = PBXBuildFile; fileRef = E81295036C4374E8D926BA71 /* BookContextMenu.swift */; };
		3BA316CD60CFEA822D3BE866 /* SourcesView.swift in Sources */ = {isa = PBXBuildFile; fileRef = 53B011645CE728C6AEFBF9E9 /* SourcesView.swift */; };
		3D71630BC6D33F673ECDEF77 /* Logger+Earmark.swift in Sources */ = {isa = PBXBuildFile; fileRef = C5450C0C927711EAF2A80272 /* Logger+Earmark.swift */; };
		3DC905D09DDA7313AAC13EF2 /* LibraryModel+Activity.swift in Sources */ = {isa = PBXBuildFile; fileRef = 9A310FB3F8716ACE87943613 /* LibraryModel+Activity.swift */; };
		3EEBE763303B22E8E1DF4574 /* PrivacyInfo.xcprivacy in Resources */ = {isa = PBXBuildFile; fileRef = 865231380D0FAD86ADF60709 /* PrivacyInfo.xcprivacy */; };
		445E53611B5B96BFC6B23410 /* BookmarkSyncTests.swift in Sources */ = {isa = PBXBuildFile; fileRef = 28065A28B64CBEDF3065F454 /* BookmarkSyncTests.swift */; };
		460B643196C72A94BA87B95F /* NowPlayingController.swift in Sources */ = {isa = PBXBuildFile; fileRef = 622DE5E4F3EF19AFA051592C /* NowPlayingController.swift */; };
		471818E0785852CD288B092F /* PortableBackupTests.swift in Sources */ = {isa = PBXBuildFile; fileRef = 3882A3BE3D518BBFA73F40E5 /* PortableBackupTests.swift */; };
		47BC3EFE4FBAA62C0E751B02 /* NowPlayingSnapshot.swift in Sources */ = {isa = PBXBuildFile; fileRef = B8099B37BF7CE43AB8CBEA21 /* NowPlayingSnapshot.swift */; };
		49C1CD1E96C277CD542DD32C /* ShelfKit in Frameworks */ = {isa = PBXBuildFile; productRef = 080064CA7375FB2EB147A68D /* ShelfKit */; };
		4CD220CD3B9FE33F451B8FAD /* NowPlayingSnapshotTests.swift in Sources */ = {isa = PBXBuildFile; fileRef = 9CDA2E1FA42BCA371320D1BD /* NowPlayingSnapshotTests.swift */; };
		52B95B9DFF6E6BEAC1EFC712 /* PlaybackAudioProcessor.swift in Sources */ = {isa = PBXBuildFile; fileRef = 48CC979CDDE31B249D52F0EE /* PlaybackAudioProcessor.swift */; };
		53406C677A959DAEC0FA9D63 /* DuplicateFinder.swift in Sources */ = {isa = PBXBuildFile; fileRef = B7735C53E3604CE3F7602A18 /* DuplicateFinder.swift */; };
		56462B7A6E95C5FB03115A80 /* RoutePickerView.swift in Sources */ = {isa = PBXBuildFile; fileRef = 5C69D2873FA693457F574DB5 /* RoutePickerView.swift */; };
		56D848C9D4236C5B79568674 /* DownloadManager.swift in Sources */ = {isa = PBXBuildFile; fileRef = E3E28E8D16340B9AFD1E8F80 /* DownloadManager.swift */; };
		5ABD03D05251F2037C706E79 /* LibraryStateCompatTests.swift in Sources */ = {isa = PBXBuildFile; fileRef = ECEC263012AC9050C84B7BDB /* LibraryStateCompatTests.swift */; };
		5BD3EA0BBD5E697BD12F1CE2 /* BookList.swift in Sources */ = {isa = PBXBuildFile; fileRef = 68ED0586B8828A3827986D3E /* BookList.swift */; };
		5D0244837C62F5C0525249F8 /* PlayerSheets.swift in Sources */ = {isa = PBXBuildFile; fileRef = EE056FF40D4D5AE2F9BDC5B6 /* PlayerSheets.swift */; };
		5DEB6B9E1B8DCCBDDBB6B28F /* SilenceGateTests.swift in Sources */ = {isa = PBXBuildFile; fileRef = 5ED8B718298C42A17D2AA118 /* SilenceGateTests.swift */; };
		5E6AF0DA53B3CBDE608A7318 /* ListeningTests.swift in Sources */ = {isa = PBXBuildFile; fileRef = 578E4BFB3951024B60EF250D /* ListeningTests.swift */; };
		60DC9D02A81506644F84A748 /* UpNextCard.swift in Sources */ = {isa = PBXBuildFile; fileRef = 850A8717F7274C2801872150 /* UpNextCard.swift */; };
		62E420B72979581A2823B28E /* Catalogs.swift in Sources */ = {isa = PBXBuildFile; fileRef = 200A0959C024E3F96999E492 /* Catalogs.swift */; };
		6367566AE08DE934C145A0F4 /* ReadingStatsTests.swift in Sources */ = {isa = PBXBuildFile; fileRef = 5C67FE77ED8F4C2421D74B73 /* ReadingStatsTests.swift */; };
		65C4CF129E0211EEFDA54411 /* OfflineLibraryView.swift in Sources */ = {isa = PBXBuildFile; fileRef = 69440013FA8DA6B07FE61D13 /* OfflineLibraryView.swift */; };
		65C9A86A975FA7473EA82951 /* BookLookupTests.swift in Sources */ = {isa = PBXBuildFile; fileRef = 21A5E6A4F0F6906FCD6BE290 /* BookLookupTests.swift */; };
		667D28B426ECD4C26731841A /* BookGrouper.swift in Sources */ = {isa = PBXBuildFile; fileRef = 4318C49E54FDB7B284984534 /* BookGrouper.swift */; };
		67AF8363E35C4258A2B4FB4C /* EarmarkWidgetBundle.swift in Sources */ = {isa = PBXBuildFile; fileRef = 9ADA1B2535F3AD13F219B8B7 /* EarmarkWidgetBundle.swift */; };
		6854328B94B8392DF568A5EE /* SourceBrowserView.swift in Sources */ = {isa = PBXBuildFile; fileRef = 45CCC731B838A36EAF254AFD /* SourceBrowserView.swift */; };
		6C7AAA033E89B0A8805AD3E2 /* ListsViews.swift in Sources */ = {isa = PBXBuildFile; fileRef = 804E4D4D93B0A9265FECDB1A /* ListsViews.swift */; };
		6F061B6795989BA07FE865B5 /* LibraryModel+Lists.swift in Sources */ = {isa = PBXBuildFile; fileRef = 2A5C8407099B00D442295FA5 /* LibraryModel+Lists.swift */; };
		6F8D6EBFB6792D7B83659D92 /* AuthorShelfView.swift in Sources */ = {isa = PBXBuildFile; fileRef = DC3457D77DB1151DAFB56F79 /* AuthorShelfView.swift */; };
		7205A4C695AD46E64DE1FEBE /* Chapter.swift in Sources */ = {isa = PBXBuildFile; fileRef = AAC7A3575E89FE9701132A68 /* Chapter.swift */; };
		7299427FF3B9E9ABA0A9F353 /* ListeningPreset.swift in Sources */ = {isa = PBXBuildFile; fileRef = B557213DB4D18C2E7492DE7D /* ListeningPreset.swift */; };
		736C0E1F111EAA5C052D24F0 /* EarmarkApp.swift in Sources */ = {isa = PBXBuildFile; fileRef = A64354FEC8BAE495A5FABA85 /* EarmarkApp.swift */; };
		75C52F1CC39B1FBE4E14F387 /* FormattingTests.swift in Sources */ = {isa = PBXBuildFile; fileRef = 0C6A588CA99CD56CAB8F90A9 /* FormattingTests.swift */; };
		77ADF8C366265AFAA1738EEB /* LibraryModel.swift in Sources */ = {isa = PBXBuildFile; fileRef = 9D4229B5CB748E2100ABBD21 /* LibraryModel.swift */; };
		792512DA8A34496DCE1411E2 /* CoverSyncTests.swift in Sources */ = {isa = PBXBuildFile; fileRef = B9286881105751BAB5361070 /* CoverSyncTests.swift */; };
		7ABE4EE7DFAF5F052383B91E /* ListeningToolsTests.swift in Sources */ = {isa = PBXBuildFile; fileRef = 096A35C8054F45EEFA0F990D /* ListeningToolsTests.swift */; };
		7CB1D444A4A9E27A72491945 /* OverflowToolbar.swift in Sources */ = {isa = PBXBuildFile; fileRef = F05F2648E563E2F937A2CA73 /* OverflowToolbar.swift */; };
		7D104AE357D798ADF398A74B /* CoverSync.swift in Sources */ = {isa = PBXBuildFile; fileRef = 22E324682D9AA6260811DB36 /* CoverSync.swift */; };
		80B01F391CBFCD77A2027599 /* LibraryModel+Covers.swift in Sources */ = {isa = PBXBuildFile; fileRef = 47AE9F138750432E3DA4E7FF /* LibraryModel+Covers.swift */; };
		87AF4C2B6C9C0D019E45DC6E /* QuickTagReader.swift in Sources */ = {isa = PBXBuildFile; fileRef = EFB9C9B02A68EA1886195C96 /* QuickTagReader.swift */; };
		880D77B866EB135454DA72C2 /* BookMetadataOverrideTests.swift in Sources */ = {isa = PBXBuildFile; fileRef = 2FABB7AC9A1EE5EBEAFE35BD /* BookMetadataOverrideTests.swift */; };
		881955DEEF2FEC0A29D615EA /* RootView.swift in Sources */ = {isa = PBXBuildFile; fileRef = 094547DBE76AACD1E58D4ED3 /* RootView.swift */; };
		893846D33F8A2F70318829D0 /* AppEnvironment.swift in Sources */ = {isa = PBXBuildFile; fileRef = 26B535F6B51ECA35675979B7 /* AppEnvironment.swift */; };
		89C8384597C8D3CE0D5A588C /* PlaybackProgress.swift in Sources */ = {isa = PBXBuildFile; fileRef = 004868C0050F08507DC20E10 /* PlaybackProgress.swift */; };
		8E31C3ACA692E43E26997B8A /* EarmarkIntents.swift in Sources */ = {isa = PBXBuildFile; fileRef = 4C8AB46399D4EB8BF119A21C /* EarmarkIntents.swift */; };
		95CF18AB76241A7DB5C65416 /* NextUpTests.swift in Sources */ = {isa = PBXBuildFile; fileRef = F6E5C69417482DCC76C7CA43 /* NextUpTests.swift */; };
		96452920141A5BF5A62DB5E3 /* NameParser.swift in Sources */ = {isa = PBXBuildFile; fileRef = 2FF7BE34D0DAEF7BF4976DD4 /* NameParser.swift */; };
		974A9AF22EAB95E8A846C0E2 /* EditBookDetailsView.swift in Sources */ = {isa = PBXBuildFile; fileRef = CF5B4DC8D23973CFE456A9AA /* EditBookDetailsView.swift */; };
		992591671542F4EE7F99A70D /* Assets.xcassets in Resources */ = {isa = PBXBuildFile; fileRef = E039F76BC4094453B23E6C1E /* Assets.xcassets */; };
		9A032FCEE3C44C9B08EC353B /* PortableGrouping.swift in Sources */ = {isa = PBXBuildFile; fileRef = 677FA1C4313D0D79DCA70250 /* PortableGrouping.swift */; };
		9A150893EE91E002D6D1BC39 /* Book.swift in Sources */ = {isa = PBXBuildFile; fileRef = 4EA9C1B59012131A51DF6716 /* Book.swift */; };
		9AB728EBD44A8AE5FFF635A8 /* BookmarkSearchView.swift in Sources */ = {isa = PBXBuildFile; fileRef = CADCFF6B5AFCC3D37ECB59D8 /* BookmarkSearchView.swift */; };
		9B4C6066762D0216C0494093 /* PlayerLifecycleTests.swift in Sources */ = {isa = PBXBuildFile; fileRef = C53EF9CC9A1FB6E57CBEDB05 /* PlayerLifecycleTests.swift */; };
		9DCC4B9247F1D29079AB50E8 /* ReadingLogEntry.swift in Sources */ = {isa = PBXBuildFile; fileRef = E769569E89D398ACA2E97FA0 /* ReadingLogEntry.swift */; };
		9DD0D41C4F266ECFE170B009 /* KeychainStore.swift in Sources */ = {isa = PBXBuildFile; fileRef = DF1C494AE7F0A4EC67C96742 /* KeychainStore.swift */; };
		9F10FFB852BDE94C20DB7B41 /* LibraryModel+Downloads.swift in Sources */ = {isa = PBXBuildFile; fileRef = E15FA6944A3C0DD1ED9B4307 /* LibraryModel+Downloads.swift */; };
		A090EB4D2C4E79F02C2AF5FA /* CarPlaySceneDelegate.swift in Sources */ = {isa = PBXBuildFile; fileRef = 261DF5544E541EB03D960595 /* CarPlaySceneDelegate.swift */; };
		A4F337EE34090B232B78240B /* CoverSearch.swift in Sources */ = {isa = PBXBuildFile; fileRef = 4AD10DCC92BBCA42CE790F14 /* CoverSearch.swift */; };
		A5D2A9A0C1C61294E1CD5ED2 /* CopyState.swift in Sources */ = {isa = PBXBuildFile; fileRef = D43E0F27D98A57EF595B8284 /* CopyState.swift */; };
		A607C6CF0359985629181990 /* AMSMB2 in Embed Frameworks */ = {isa = PBXBuildFile; productRef = F56A508B36B9A9CBCA46A207 /* AMSMB2 */; settings = {ATTRIBUTES = (CodeSignOnCopy, RemoveHeadersOnCopy, ); }; };
		A78F5BEAF59C065D7CA8E0D6 /* ProgressBar.swift in Sources */ = {isa = PBXBuildFile; fileRef = 3C57B260908E128DE2B07322 /* ProgressBar.swift */; };
		A95C89D8E852EF1FBB9D7621 /* StatsView.swift in Sources */ = {isa = PBXBuildFile; fileRef = A7521889F7E9EF7A25C99F0E /* StatsView.swift */; };
		A9CC1B5B99CC7E32305D5963 /* CopyStateTests.swift in Sources */ = {isa = PBXBuildFile; fileRef = B9866A3F021B73E1690A549B /* CopyStateTests.swift */; };
		AB6F08EFFEA0C2C4B16D6C7B /* DuplicateFinderTests.swift in Sources */ = {isa = PBXBuildFile; fileRef = 50F910FC61A13485FCB738C2 /* DuplicateFinderTests.swift */; };
		ACA01A55A610A0839A8F4561 /* LibraryScannerTests.swift in Sources */ = {isa = PBXBuildFile; fileRef = 2830512E63C478A2F7832BA2 /* LibraryScannerTests.swift */; };
		B046ECD50ACB08DCAB208999 /* BookLookup.swift in Sources */ = {isa = PBXBuildFile; fileRef = E3CE3A9E5DC60CD92088209F /* BookLookup.swift */; };
		B0A7C49BFE9F6253AB819976 /* ContinueListeningWidget.swift in Sources */ = {isa = PBXBuildFile; fileRef = 674F8D5E4C4B3AF55D400BAB /* ContinueListeningWidget.swift */; };
		B0DA5E1CF1A170474BDCA534 /* BookListTests.swift in Sources */ = {isa = PBXBuildFile; fileRef = E9919AF894D7B8D85C04E675 /* BookListTests.swift */; };
		B165416742A5D292ECC8C1FF /* ScrubberView.swift in Sources */ = {isa = PBXBuildFile; fileRef = A14AEFB377E556BBE0D2D645 /* ScrubberView.swift */; };
		B37CF39744F87BA1C59E8779 /* LibraryQueries.swift in Sources */ = {isa = PBXBuildFile; fileRef = 7990E564C463C8EE7985A33A /* LibraryQueries.swift */; };
		B4292618A2466AB51B857F84 /* ArtworkView.swift in Sources */ = {isa = PBXBuildFile; fileRef = B2DBB1B328833BAC30AD5BC6 /* ArtworkView.swift */; };
		B4821B78796429BAF200DDF4 /* Track.swift in Sources */ = {isa = PBXBuildFile; fileRef = 597D893ECB9BAFC906BA9061 /* Track.swift */; };
		B506677351845F3B3CCE9B5D /* ListeningSession.swift in Sources */ = {isa = PBXBuildFile; fileRef = D21E307C4C5667A0FA04AF72 /* ListeningSession.swift */; };
		B6A1DC3B4A7C7BCBBCD33244 /* AMSMB2 in Frameworks */ = {isa = PBXBuildFile; productRef = F56A508B36B9A9CBCA46A207 /* AMSMB2 */; };
		B6CBFF04A05D4520855BA824 /* BookMetadataOverride.swift in Sources */ = {isa = PBXBuildFile; fileRef = B64E59C7852D5E60D668A957 /* BookMetadataOverride.swift */; };
		B743DDE892D1D07A5EE5CB44 /* LibraryModel+History.swift in Sources */ = {isa = PBXBuildFile; fileRef = 2FBF8E002F37F5E2A96D897F /* LibraryModel+History.swift */; };
		B8CFFEDA9D238934A4A6AE95 /* Bookmark.swift in Sources */ = {isa = PBXBuildFile; fileRef = B55B4E3AF3EE0F9EE6FCB7A6 /* Bookmark.swift */; };
		B98C06E2C4B97117810FB39C /* EarmarkWidgets.appex in Embed Foundation Extensions */ = {isa = PBXBuildFile; fileRef = 55976C976612A2E49688DF2E /* EarmarkWidgets.appex */; settings = {ATTRIBUTES = (RemoveHeadersOnCopy, ); }; };
		BB58345B886170556099ADA2 /* ShelfPageViews.swift in Sources */ = {isa = PBXBuildFile; fileRef = 5240AAA669523BD4266514F8 /* ShelfPageViews.swift */; };
		BC0A1AFE6C42A56BC7DAC77E /* MarkFinishedSheet.swift in Sources */ = {isa = PBXBuildFile; fileRef = B67917FDCE2F12C66E46943F /* MarkFinishedSheet.swift */; };
		BC7DACEF8F6E6F0BEC8CD474 /* NameParserTests.swift in Sources */ = {isa = PBXBuildFile; fileRef = 733FE2BA19BAE04E429DD74D /* NameParserTests.swift */; };
		BFD6EB4CD1DBD20E0C7161DD /* DuplicatesView.swift in Sources */ = {isa = PBXBuildFile; fileRef = 521E1803AE8A0DF8A4742E44 /* DuplicatesView.swift */; };
		C06D1B9DEA6935CEBD606DF7 /* NowPlayingSnapshot.swift in Sources */ = {isa = PBXBuildFile; fileRef = B8099B37BF7CE43AB8CBEA21 /* NowPlayingSnapshot.swift */; };
		C1E526FDACB11B0921057423 /* BookGrouper+Chapters.swift in Sources */ = {isa = PBXBuildFile; fileRef = 27C9539EF2D8988028208F79 /* BookGrouper+Chapters.swift */; };
		C206183F9D41E7CE85728FC4 /* DownloadRemoval.swift in Sources */ = {isa = PBXBuildFile; fileRef = 37C30F83F9766BA3DA5D331B /* DownloadRemoval.swift */; };
		C22F8BA6F00A09953C46DFA2 /* AudioSessionManager.swift in Sources */ = {isa = PBXBuildFile; fileRef = 3643A3F6C6C35669E6BFFAC5 /* AudioSessionManager.swift */; };
		C5969D5FCCA912DB5ECEAA33 /* BookCardView.swift in Sources */ = {isa = PBXBuildFile; fileRef = 94D6CF1F3D54A0E4772BA746 /* BookCardView.swift */; };
		C73B2BD58136C1E9AB9F29F3 /* ManualGroupingTests.swift in Sources */ = {isa = PBXBuildFile; fileRef = 64D06B158903CBC1D05DA70D /* ManualGroupingTests.swift */; };
		C8EC46FF05F7D82EF6AB9FAB /* BookPositionTests.swift in Sources */ = {isa = PBXBuildFile; fileRef = 862DC9C49B6D67781476C544 /* BookPositionTests.swift */; };
		C97361F99B27E2C4C31264C2 /* TimeInterval+Format.swift in Sources */ = {isa = PBXBuildFile; fileRef = 0313295AD219C8A882927C8D /* TimeInterval+Format.swift */; };
		CD57393E50706A383CCB9C61 /* QuickTagReaderTests.swift in Sources */ = {isa = PBXBuildFile; fileRef = 9A93D89577F53EEDBAAAAA2E /* QuickTagReaderTests.swift */; };
		CDAD45988D1942735D85673D /* LibraryStore.swift in Sources */ = {isa = PBXBuildFile; fileRef = 63EF2B848B1A36EDA036BF9F /* LibraryStore.swift */; };
		CDC350AF021BEAAFC7AAE41F /* ManualGrouping.swift in Sources */ = {isa = PBXBuildFile; fileRef = 46770A0FB10C1EDC893CBA28 /* ManualGrouping.swift */; };
		D1A52C36DB1466D8D472D7A3 /* PortableBackup.swift in Sources */ = {isa = PBXBuildFile; fileRef = 33210FD8C7F3E020729D2740 /* PortableBackup.swift */; };
		D5062CDD72962E6661B1FEA3 /* ReadingStats.swift in Sources */ = {isa = PBXBuildFile; fileRef = 564EAE9677E67D93995FBBE0 /* ReadingStats.swift */; };
		D5CE1A01B633A8DE08F66D1D /* PlayerEngine.swift in Sources */ = {isa = PBXBuildFile; fileRef = 27B3D8FEA19546CFA173987A /* PlayerEngine.swift */; };
		D5F042ABE818494360F7D3E4 /* DownloadRemovalTests.swift in Sources */ = {isa = PBXBuildFile; fileRef = EE95BB380E4FD3C19A12CC7C /* DownloadRemovalTests.swift */; };
		D75496E8EFD9EB117DCC5840 /* TransportControls.swift in Sources */ = {isa = PBXBuildFile; fileRef = 8EB98C6335A7018E5235A76C /* TransportControls.swift */; };
		D7B7CB040A9E935D47B6EDDC /* CoverPickerView.swift in Sources */ = {isa = PBXBuildFile; fileRef = 55737A1219DD9B7F7846B451 /* CoverPickerView.swift */; };
		D80EB6EEE66E82CE50627EB3 /* NASSetupView.swift in Sources */ = {isa = PBXBuildFile; fileRef = C9E181EC730C19488655A75C /* NASSetupView.swift */; };
		DB4086137F09CEFAA17EFF73 /* BookLookupView.swift in Sources */ = {isa = PBXBuildFile; fileRef = DC0F2842DE201D524D59A8EC /* BookLookupView.swift */; };
		DC573F9124C7D83A64021012 /* MetadataReader.swift in Sources */ = {isa = PBXBuildFile; fileRef = CD89F1372BCDEC869661AF28 /* MetadataReader.swift */; };
		DE74BDC705D67C6CB9E56C11 /* AudioFileTypes.swift in Sources */ = {isa = PBXBuildFile; fileRef = 37A3712B6BBC374281EF3C06 /* AudioFileTypes.swift */; };
		DF0D880DF6FEFC7C288C1EE2 /* LogPastBookView.swift in Sources */ = {isa = PBXBuildFile; fileRef = 484BF16F202F4CA32414EB12 /* LogPastBookView.swift */; };
		E519E323BDCBEA02D6554D16 /* MiniPlayerView.swift in Sources */ = {isa = PBXBuildFile; fileRef = B52A4E75C03AC08D157F6290 /* MiniPlayerView.swift */; };
		E9B6B20273727AEFCAF5D8A7 /* LibraryModel+Arrivals.swift in Sources */ = {isa = PBXBuildFile; fileRef = 10541F5B861C6BE700776152 /* LibraryModel+Arrivals.swift */; };
		F146BF7B88B4586BEFF29FB6 /* LibrarySource.swift in Sources */ = {isa = PBXBuildFile; fileRef = 009737EB74631A870EB84AA1 /* LibrarySource.swift */; };
		F4A43E8B629893B20EAB80E1 /* MetadataAI.swift in Sources */ = {isa = PBXBuildFile; fileRef = 0A26B712F61D780EBF9E01F7 /* MetadataAI.swift */; };
		F7AF00A3D685C88A5B3C5DD1 /* GroupingEditorView.swift in Sources */ = {isa = PBXBuildFile; fileRef = E1E29420AE2D827CAF9F74F1 /* GroupingEditorView.swift */; };
		F9537F231B624DE83E4BEA1E /* raven.mp3 in Resources */ = {isa = PBXBuildFile; fileRef = 5DFF0FA0AB57CFA5C1612B67 /* raven.mp3 */; };
		FA05D4D03FD659F719EAD0D5 /* LibraryScanner.swift in Sources */ = {isa = PBXBuildFile; fileRef = 12BAAFAF14A3482B36D846E6 /* LibraryScanner.swift */; };
		FC11B7C45BAC120419E782EC /* ProgressSync.swift in Sources */ = {isa = PBXBuildFile; fileRef = FC544E097532D4DDACF9FADF /* ProgressSync.swift */; };
		FC508370F642F189B353B46A /* LibraryModel+Maintenance.swift in Sources */ = {isa = PBXBuildFile; fileRef = B61C91F8B4342B1BD94A4D7D /* LibraryModel+Maintenance.swift */; };
		FE389CC9C8D9B2B44576B2F7 /* MetadataCache.swift in Sources */ = {isa = PBXBuildFile; fileRef = 36D5C7A19E3B8F86CDA42C4F /* MetadataCache.swift */; };
		FE3A38DBE8A4BEA7FE92AA71 /* ArtworkStore.swift in Sources */ = {isa = PBXBuildFile; fileRef = D85D1074D532B131D98066F4 /* ArtworkStore.swift */; };
		FF31865A59B94CF19D5E97DE /* LibraryView.swift in Sources */ = {isa = PBXBuildFile; fileRef = C266E3FFEA78B55E971D7D96 /* LibraryView.swift */; };
		FFAC8E58B144D0C88EE07ABE /* LibraryModel+Tools.swift in Sources */ = {isa = PBXBuildFile; fileRef = DFB75F82E0C4FF051BED14D4 /* LibraryModel+Tools.swift */; };
/* End PBXBuildFile section */

/* Begin PBXContainerItemProxy section */
		35FF992E431F6BA636D5A68C /* PBXContainerItemProxy */ = {
			isa = PBXContainerItemProxy;
			containerPortal = 2E0FED915C47DD28FDB943E8 /* Project object */;
			proxyType = 1;
			remoteGlobalIDString = 4023B64D87FB9F7DCB8677CA;
			remoteInfo = Earmark;
		};
		B34898A25DA58EC76FCF2528 /* PBXContainerItemProxy */ = {
			isa = PBXContainerItemProxy;
			containerPortal = 2E0FED915C47DD28FDB943E8 /* Project object */;
			proxyType = 1;
			remoteGlobalIDString = 1B22CCFC5AA5870D2A60BFE8;
			remoteInfo = EarmarkWidgets;
		};
/* End PBXContainerItemProxy section */

/* Begin PBXCopyFilesBuildPhase section */
		73275C8F9CD9BA57AEA485F4 /* Embed Frameworks */ = {
			isa = PBXCopyFilesBuildPhase;
			buildActionMask = 2147483647;
			dstPath = "";
			dstSubfolderSpec = 10;
			files = (
				A607C6CF0359985629181990 /* AMSMB2 in Embed Frameworks */,
			);
			name = "Embed Frameworks";
			runOnlyForDeploymentPostprocessing = 0;
		};
		E3E06029A5F91E61356C4B94 /* Embed Foundation Extensions */ = {
			isa = PBXCopyFilesBuildPhase;
			buildActionMask = 2147483647;
			dstPath = "";
			dstSubfolderSpec = 13;
			files = (
				B98C06E2C4B97117810FB39C /* EarmarkWidgets.appex in Embed Foundation Extensions */,
			);
			name = "Embed Foundation Extensions";
			runOnlyForDeploymentPostprocessing = 0;
		};
/* End PBXCopyFilesBuildPhase section */

/* Begin PBXFileReference section */
		004868C0050F08507DC20E10 /* PlaybackProgress.swift */ = {isa = PBXFileReference; lastKnownFileType = sourcecode.swift; path = PlaybackProgress.swift; sourceTree = "<group>"; };
		009737EB74631A870EB84AA1 /* LibrarySource.swift */ = {isa = PBXFileReference; lastKnownFileType = sourcecode.swift; path = LibrarySource.swift; sourceTree = "<group>"; };
		0313295AD219C8A882927C8D /* TimeInterval+Format.swift */ = {isa = PBXFileReference; lastKnownFileType = sourcecode.swift; path = "TimeInterval+Format.swift"; sourceTree = "<group>"; };
		094547DBE76AACD1E58D4ED3 /* RootView.swift */ = {isa = PBXFileReference; lastKnownFileType = sourcecode.swift; path = RootView.swift; sourceTree = "<group>"; };
		096A35C8054F45EEFA0F990D /* ListeningToolsTests.swift */ = {isa = PBXFileReference; lastKnownFileType = sourcecode.swift; path = ListeningToolsTests.swift; sourceTree = "<group>"; };
		0A26B712F61D780EBF9E01F7 /* MetadataAI.swift */ = {isa = PBXFileReference; lastKnownFileType = sourcecode.swift; path = MetadataAI.swift; sourceTree = "<group>"; };
		0A2BC799EA823DD553F3B79F /* EarmarkTests.xctest */ = {isa = PBXFileReference; includeInIndex = 0; lastKnownFileType = wrapper.cfbundle; path = EarmarkTests.xctest; sourceTree = BUILT_PRODUCTS_DIR; };
		0C6A588CA99CD56CAB8F90A9 /* FormattingTests.swift */ = {isa = PBXFileReference; lastKnownFileType = sourcecode.swift; path = FormattingTests.swift; sourceTree = "<group>"; };
		10541F5B861C6BE700776152 /* LibraryModel+Arrivals.swift */ = {isa = PBXFileReference; lastKnownFileType = sourcecode.swift; path = "LibraryModel+Arrivals.swift"; sourceTree = "<group>"; };
		1218F207CB24F25899DEDE21 /* ListeningInsightsView.swift */ = {isa = PBXFileReference; lastKnownFileType = sourcecode.swift; path = ListeningInsightsView.swift; sourceTree = "<group>"; };
		12BAAFAF14A3482B36D846E6 /* LibraryScanner.swift */ = {isa = PBXFileReference; lastKnownFileType = sourcecode.swift; path = LibraryScanner.swift; sourceTree = "<group>"; };
		1C7DE4A5CA938E53610AB05B /* Earmark.app */ = {isa = PBXFileReference; includeInIndex = 0; lastKnownFileType = wrapper.application; path = Earmark.app; sourceTree = BUILT_PRODUCTS_DIR; };
		200A0959C024E3F96999E492 /* Catalogs.swift */ = {isa = PBXFileReference; lastKnownFileType = sourcecode.swift; path = Catalogs.swift; sourceTree = "<group>"; };
		21A5E6A4F0F6906FCD6BE290 /* BookLookupTests.swift */ = {isa = PBXFileReference; lastKnownFileType = sourcecode.swift; path = BookLookupTests.swift; sourceTree = "<group>"; };
		22E324682D9AA6260811DB36 /* CoverSync.swift */ = {isa = PBXFileReference; lastKnownFileType = sourcecode.swift; path = CoverSync.swift; sourceTree = "<group>"; };
		22F43F134AAFB6721B29281D /* ArtworkStoreTests.swift */ = {isa = PBXFileReference; lastKnownFileType = sourcecode.swift; path = ArtworkStoreTests.swift; sourceTree = "<group>"; };
		261DF5544E541EB03D960595 /* CarPlaySceneDelegate.swift */ = {isa = PBXFileReference; lastKnownFileType = sourcecode.swift; path = CarPlaySceneDelegate.swift; sourceTree = "<group>"; };
		26B535F6B51ECA35675979B7 /* AppEnvironment.swift */ = {isa = PBXFileReference; lastKnownFileType = sourcecode.swift; path = AppEnvironment.swift; sourceTree = "<group>"; };
		27B3D8FEA19546CFA173987A /* PlayerEngine.swift */ = {isa = PBXFileReference; lastKnownFileType = sourcecode.swift; path = PlayerEngine.swift; sourceTree = "<group>"; };
		27C9539EF2D8988028208F79 /* BookGrouper+Chapters.swift */ = {isa = PBXFileReference; lastKnownFileType = sourcecode.swift; path = "BookGrouper+Chapters.swift"; sourceTree = "<group>"; };
		28065A28B64CBEDF3065F454 /* BookmarkSyncTests.swift */ = {isa = PBXFileReference; lastKnownFileType = sourcecode.swift; path = BookmarkSyncTests.swift; sourceTree = "<group>"; };
		2830512E63C478A2F7832BA2 /* LibraryScannerTests.swift */ = {isa = PBXFileReference; lastKnownFileType = sourcecode.swift; path = LibraryScannerTests.swift; sourceTree = "<group>"; };
		2A5C8407099B00D442295FA5 /* LibraryModel+Lists.swift */ = {isa = PBXFileReference; lastKnownFileType = sourcecode.swift; path = "LibraryModel+Lists.swift"; sourceTree = "<group>"; };
		2C7AF3FDAC4886294CC87E6E /* Release.xcconfig */ = {isa = PBXFileReference; lastKnownFileType = text.xcconfig; path = Release.xcconfig; sourceTree = "<group>"; };
		2DA26C5C4FCE8B21FC65224E /* NASClient+Streaming.swift */ = {isa = PBXFileReference; lastKnownFileType = sourcecode.swift; path = "NASClient+Streaming.swift"; sourceTree = "<group>"; };
		2F42D2B3237B9F8EDB917B4C /* Earmark.entitlements */ = {isa = PBXFileReference; lastKnownFileType = text.plist.entitlements; path = Earmark.entitlements; sourceTree = "<group>"; };
		2FABB7AC9A1EE5EBEAFE35BD /* BookMetadataOverrideTests.swift */ = {isa = PBXFileReference; lastKnownFileType = sourcecode.swift; path = BookMetadataOverrideTests.swift; sourceTree = "<group>"; };
		2FBF8E002F37F5E2A96D897F /* LibraryModel+History.swift */ = {isa = PBXFileReference; lastKnownFileType = sourcecode.swift; path = "LibraryModel+History.swift"; sourceTree = "<group>"; };
		2FF7BE34D0DAEF7BF4976DD4 /* NameParser.swift */ = {isa = PBXFileReference; lastKnownFileType = sourcecode.swift; path = NameParser.swift; sourceTree = "<group>"; };
		33210FD8C7F3E020729D2740 /* PortableBackup.swift */ = {isa = PBXFileReference; lastKnownFileType = sourcecode.swift; path = PortableBackup.swift; sourceTree = "<group>"; };
		33E7695EB1983AFE3A6C0968 /* EarmarkWidgets.entitlements */ = {isa = PBXFileReference; lastKnownFileType = text.plist.entitlements; path = EarmarkWidgets.entitlements; sourceTree = "<group>"; };
		3548D15C0779ABA8F894721B /* CarPlayInterface.swift */ = {isa = PBXFileReference; lastKnownFileType = sourcecode.swift; path = CarPlayInterface.swift; sourceTree = "<group>"; };
		3643A3F6C6C35669E6BFFAC5 /* AudioSessionManager.swift */ = {isa = PBXFileReference; lastKnownFileType = sourcecode.swift; path = AudioSessionManager.swift; sourceTree = "<group>"; };
		36D5C7A19E3B8F86CDA42C4F /* MetadataCache.swift */ = {isa = PBXFileReference; lastKnownFileType = sourcecode.swift; path = MetadataCache.swift; sourceTree = "<group>"; };
		37A3712B6BBC374281EF3C06 /* AudioFileTypes.swift */ = {isa = PBXFileReference; lastKnownFileType = sourcecode.swift; path = AudioFileTypes.swift; sourceTree = "<group>"; };
		37C30F83F9766BA3DA5D331B /* DownloadRemoval.swift */ = {isa = PBXFileReference; lastKnownFileType = sourcecode.swift; path = DownloadRemoval.swift; sourceTree = "<group>"; };
		3882A3BE3D518BBFA73F40E5 /* PortableBackupTests.swift */ = {isa = PBXFileReference; lastKnownFileType = sourcecode.swift; path = PortableBackupTests.swift; sourceTree = "<group>"; };
		3C57B260908E128DE2B07322 /* ProgressBar.swift */ = {isa = PBXFileReference; lastKnownFileType = sourcecode.swift; path = ProgressBar.swift; sourceTree = "<group>"; };
		4318C49E54FDB7B284984534 /* BookGrouper.swift */ = {isa = PBXFileReference; lastKnownFileType = sourcecode.swift; path = BookGrouper.swift; sourceTree = "<group>"; };
		45CCC731B838A36EAF254AFD /* SourceBrowserView.swift */ = {isa = PBXFileReference; lastKnownFileType = sourcecode.swift; path = SourceBrowserView.swift; sourceTree = "<group>"; };
		46770A0FB10C1EDC893CBA28 /* ManualGrouping.swift */ = {isa = PBXFileReference; lastKnownFileType = sourcecode.swift; path = ManualGrouping.swift; sourceTree = "<group>"; };
		47AE9F138750432E3DA4E7FF /* LibraryModel+Covers.swift */ = {isa = PBXFileReference; lastKnownFileType = sourcecode.swift; path = "LibraryModel+Covers.swift"; sourceTree = "<group>"; };
		484BF16F202F4CA32414EB12 /* LogPastBookView.swift */ = {isa = PBXFileReference; lastKnownFileType = sourcecode.swift; path = LogPastBookView.swift; sourceTree = "<group>"; };
		48CC979CDDE31B249D52F0EE /* PlaybackAudioProcessor.swift */ = {isa = PBXFileReference; lastKnownFileType = sourcecode.swift; path = PlaybackAudioProcessor.swift; sourceTree = "<group>"; };
		4AD10DCC92BBCA42CE790F14 /* CoverSearch.swift */ = {isa = PBXFileReference; lastKnownFileType = sourcecode.swift; path = CoverSearch.swift; sourceTree = "<group>"; };
		4C8AB46399D4EB8BF119A21C /* EarmarkIntents.swift */ = {isa = PBXFileReference; lastKnownFileType = sourcecode.swift; path = EarmarkIntents.swift; sourceTree = "<group>"; };
		4DE473AE8E224A77ED806632 /* LibraryToolsView.swift */ = {isa = PBXFileReference; lastKnownFileType = sourcecode.swift; path = LibraryToolsView.swift; sourceTree = "<group>"; };
		4EA9C1B59012131A51DF6716 /* Book.swift */ = {isa = PBXFileReference; lastKnownFileType = sourcecode.swift; path = Book.swift; sourceTree = "<group>"; };
		50F910FC61A13485FCB738C2 /* DuplicateFinderTests.swift */ = {isa = PBXFileReference; lastKnownFileType = sourcecode.swift; path = DuplicateFinderTests.swift; sourceTree = "<group>"; };
		521E1803AE8A0DF8A4742E44 /* DuplicatesView.swift */ = {isa = PBXFileReference; lastKnownFileType = sourcecode.swift; path = DuplicatesView.swift; sourceTree = "<group>"; };
		5240AAA669523BD4266514F8 /* ShelfPageViews.swift */ = {isa = PBXFileReference; lastKnownFileType = sourcecode.swift; path = ShelfPageViews.swift; sourceTree = "<group>"; };
		53B011645CE728C6AEFBF9E9 /* SourcesView.swift */ = {isa = PBXFileReference; lastKnownFileType = sourcecode.swift; path = SourcesView.swift; sourceTree = "<group>"; };
		55737A1219DD9B7F7846B451 /* CoverPickerView.swift */ = {isa = PBXFileReference; lastKnownFileType = sourcecode.swift; path = CoverPickerView.swift; sourceTree = "<group>"; };
		55976C976612A2E49688DF2E /* EarmarkWidgets.appex */ = {isa = PBXFileReference; includeInIndex = 0; lastKnownFileType = "wrapper.app-extension"; path = EarmarkWidgets.appex; sourceTree = BUILT_PRODUCTS_DIR; };
		564EAE9677E67D93995FBBE0 /* ReadingStats.swift */ = {isa = PBXFileReference; lastKnownFileType = sourcecode.swift; path = ReadingStats.swift; sourceTree = "<group>"; };
		5763E54B1EF17EE7A6B1D10D /* LibraryModel+Queries.swift */ = {isa = PBXFileReference; lastKnownFileType = sourcecode.swift; path = "LibraryModel+Queries.swift"; sourceTree = "<group>"; };
		578E4BFB3951024B60EF250D /* ListeningTests.swift */ = {isa = PBXFileReference; lastKnownFileType = sourcecode.swift; path = ListeningTests.swift; sourceTree = "<group>"; };
		597D893ECB9BAFC906BA9061 /* Track.swift */ = {isa = PBXFileReference; lastKnownFileType = sourcecode.swift; path = Track.swift; sourceTree = "<group>"; };
		5C67FE77ED8F4C2421D74B73 /* ReadingStatsTests.swift */ = {isa = PBXFileReference; lastKnownFileType = sourcecode.swift; path = ReadingStatsTests.swift; sourceTree = "<group>"; };
		5C69D2873FA693457F574DB5 /* RoutePickerView.swift */ = {isa = PBXFileReference; lastKnownFileType = sourcecode.swift; path = RoutePickerView.swift; sourceTree = "<group>"; };
		5DFF0FA0AB57CFA5C1612B67 /* raven.mp3 */ = {isa = PBXFileReference; lastKnownFileType = audio.mp3; path = raven.mp3; sourceTree = "<group>"; };
		5ED8B718298C42A17D2AA118 /* SilenceGateTests.swift */ = {isa = PBXFileReference; lastKnownFileType = sourcecode.swift; path = SilenceGateTests.swift; sourceTree = "<group>"; };
		622DE5E4F3EF19AFA051592C /* NowPlayingController.swift */ = {isa = PBXFileReference; lastKnownFileType = sourcecode.swift; path = NowPlayingController.swift; sourceTree = "<group>"; };
		63EF2B848B1A36EDA036BF9F /* LibraryStore.swift */ = {isa = PBXFileReference; lastKnownFileType = sourcecode.swift; path = LibraryStore.swift; sourceTree = "<group>"; };
		64D06B158903CBC1D05DA70D /* ManualGroupingTests.swift */ = {isa = PBXFileReference; lastKnownFileType = sourcecode.swift; path = ManualGroupingTests.swift; sourceTree = "<group>"; };
		674F8D5E4C4B3AF55D400BAB /* ContinueListeningWidget.swift */ = {isa = PBXFileReference; lastKnownFileType = sourcecode.swift; path = ContinueListeningWidget.swift; sourceTree = "<group>"; };
		677FA1C4313D0D79DCA70250 /* PortableGrouping.swift */ = {isa = PBXFileReference; lastKnownFileType = sourcecode.swift; path = PortableGrouping.swift; sourceTree = "<group>"; };
		68ED0586B8828A3827986D3E /* BookList.swift */ = {isa = PBXFileReference; lastKnownFileType = sourcecode.swift; path = BookList.swift; sourceTree = "<group>"; };
		692A485EFDE03BB1D9D10A80 /* BookDetailView.swift */ = {isa = PBXFileReference; lastKnownFileType = sourcecode.swift; path = BookDetailView.swift; sourceTree = "<group>"; };
		69440013FA8DA6B07FE61D13 /* OfflineLibraryView.swift */ = {isa = PBXFileReference; lastKnownFileType = sourcecode.swift; path = OfflineLibraryView.swift; sourceTree = "<group>"; };
		733FE2BA19BAE04E429DD74D /* NameParserTests.swift */ = {isa = PBXFileReference; lastKnownFileType = sourcecode.swift; path = NameParserTests.swift; sourceTree = "<group>"; };
		737CD7532933F770716B7DF7 /* EarmarkWidgets-Device.entitlements */ = {isa = PBXFileReference; lastKnownFileType = text.plist.entitlements; path = "EarmarkWidgets-Device.entitlements"; sourceTree = "<group>"; };
		765166563772C00B922D84CE /* LibraryModel+NAS.swift */ = {isa = PBXFileReference; lastKnownFileType = sourcecode.swift; path = "LibraryModel+NAS.swift"; sourceTree = "<group>"; };
		791BCCC6B673ACBEB43D546C /* Earmark-Device.entitlements */ = {isa = PBXFileReference; lastKnownFileType = text.plist.entitlements; path = "Earmark-Device.entitlements"; sourceTree = "<group>"; };
		7990E564C463C8EE7985A33A /* LibraryQueries.swift */ = {isa = PBXFileReference; lastKnownFileType = sourcecode.swift; path = LibraryQueries.swift; sourceTree = "<group>"; };
		79AF5C8DB06C7F439EDC5BFB /* LibraryModel+Duplicates.swift */ = {isa = PBXFileReference; lastKnownFileType = sourcecode.swift; path = "LibraryModel+Duplicates.swift"; sourceTree = "<group>"; };
		7E40164280CA9E44346EE942 /* ProgressSyncTests.swift */ = {isa = PBXFileReference; lastKnownFileType = sourcecode.swift; path = ProgressSyncTests.swift; sourceTree = "<group>"; };
		804E4D4D93B0A9265FECDB1A /* ListsViews.swift */ = {isa = PBXFileReference; lastKnownFileType = sourcecode.swift; path = ListsViews.swift; sourceTree = "<group>"; };
		850A8717F7274C2801872150 /* UpNextCard.swift */ = {isa = PBXFileReference; lastKnownFileType = sourcecode.swift; path = UpNextCard.swift; sourceTree = "<group>"; };
		862DC9C49B6D67781476C544 /* BookPositionTests.swift */ = {isa = PBXFileReference; lastKnownFileType = sourcecode.swift; path = BookPositionTests.swift; sourceTree = "<group>"; };
		865231380D0FAD86ADF60709 /* PrivacyInfo.xcprivacy */ = {isa = PBXFileReference; path = PrivacyInfo.xcprivacy; sourceTree = "<group>"; };
		8845D138187AA30B4D2D66FA /* SettingsView.swift */ = {isa = PBXFileReference; lastKnownFileType = sourcecode.swift; path = SettingsView.swift; sourceTree = "<group>"; };
		8EB98C6335A7018E5235A76C /* TransportControls.swift */ = {isa = PBXFileReference; lastKnownFileType = sourcecode.swift; path = TransportControls.swift; sourceTree = "<group>"; };
		94D6CF1F3D54A0E4772BA746 /* BookCardView.swift */ = {isa = PBXFileReference; lastKnownFileType = sourcecode.swift; path = BookCardView.swift; sourceTree = "<group>"; };
		9A310FB3F8716ACE87943613 /* LibraryModel+Activity.swift */ = {isa = PBXFileReference; lastKnownFileType = sourcecode.swift; path = "LibraryModel+Activity.swift"; sourceTree = "<group>"; };
		9A93D89577F53EEDBAAAAA2E /* QuickTagReaderTests.swift */ = {isa = PBXFileReference; lastKnownFileType = sourcecode.swift; path = QuickTagReaderTests.swift; sourceTree = "<group>"; };
		9ADA1B2535F3AD13F219B8B7 /* EarmarkWidgetBundle.swift */ = {isa = PBXFileReference; lastKnownFileType = sourcecode.swift; path = EarmarkWidgetBundle.swift; sourceTree = "<group>"; };
		9BBDEE3EE28DD74DBB044B5D /* PlayerView.swift */ = {isa = PBXFileReference; lastKnownFileType = sourcecode.swift; path = PlayerView.swift; sourceTree = "<group>"; };
		9CDA2E1FA42BCA371320D1BD /* NowPlayingSnapshotTests.swift */ = {isa = PBXFileReference; lastKnownFileType = sourcecode.swift; path = NowPlayingSnapshotTests.swift; sourceTree = "<group>"; };
		9D4229B5CB748E2100ABBD21 /* LibraryModel.swift */ = {isa = PBXFileReference; lastKnownFileType = sourcecode.swift; path = LibraryModel.swift; sourceTree = "<group>"; };
		A14AEFB377E556BBE0D2D645 /* ScrubberView.swift */ = {isa = PBXFileReference; lastKnownFileType = sourcecode.swift; path = ScrubberView.swift; sourceTree = "<group>"; };
		A49DC1CB59DAF8FA020F5F94 /* LibraryModel+Cloud.swift */ = {isa = PBXFileReference; lastKnownFileType = sourcecode.swift; path = "LibraryModel+Cloud.swift"; sourceTree = "<group>"; };
		A64354FEC8BAE495A5FABA85 /* EarmarkApp.swift */ = {isa = PBXFileReference; lastKnownFileType = sourcecode.swift; path = EarmarkApp.swift; sourceTree = "<group>"; };
		A7521889F7E9EF7A25C99F0E /* StatsView.swift */ = {isa = PBXFileReference; lastKnownFileType = sourcecode.swift; path = StatsView.swift; sourceTree = "<group>"; };
		AAC7A3575E89FE9701132A68 /* Chapter.swift */ = {isa = PBXFileReference; lastKnownFileType = sourcecode.swift; path = Chapter.swift; sourceTree = "<group>"; };
		AEB16F753EB29D72187857F1 /* AppSettings.swift */ = {isa = PBXFileReference; lastKnownFileType = sourcecode.swift; path = AppSettings.swift; sourceTree = "<group>"; };
		B2DBB1B328833BAC30AD5BC6 /* ArtworkView.swift */ = {isa = PBXFileReference; lastKnownFileType = sourcecode.swift; path = ArtworkView.swift; sourceTree = "<group>"; };
		B52A4E75C03AC08D157F6290 /* MiniPlayerView.swift */ = {isa = PBXFileReference; lastKnownFileType = sourcecode.swift; path = MiniPlayerView.swift; sourceTree = "<group>"; };
		B557213DB4D18C2E7492DE7D /* ListeningPreset.swift */ = {isa = PBXFileReference; lastKnownFileType = sourcecode.swift; path = ListeningPreset.swift; sourceTree = "<group>"; };
		B55B4E3AF3EE0F9EE6FCB7A6 /* Bookmark.swift */ = {isa = PBXFileReference; lastKnownFileType = sourcecode.swift; path = Bookmark.swift; sourceTree = "<group>"; };
		B61C91F8B4342B1BD94A4D7D /* LibraryModel+Maintenance.swift */ = {isa = PBXFileReference; lastKnownFileType = sourcecode.swift; path = "LibraryModel+Maintenance.swift"; sourceTree = "<group>"; };
		B64E59C7852D5E60D668A957 /* BookMetadataOverride.swift */ = {isa = PBXFileReference; lastKnownFileType = sourcecode.swift; path = BookMetadataOverride.swift; sourceTree = "<group>"; };
		B67917FDCE2F12C66E46943F /* MarkFinishedSheet.swift */ = {isa = PBXFileReference; lastKnownFileType = sourcecode.swift; path = MarkFinishedSheet.swift; sourceTree = "<group>"; };
		B7735C53E3604CE3F7602A18 /* DuplicateFinder.swift */ = {isa = PBXFileReference; lastKnownFileType = sourcecode.swift; path = DuplicateFinder.swift; sourceTree = "<group>"; };
		B8099B37BF7CE43AB8CBEA21 /* NowPlayingSnapshot.swift */ = {isa = PBXFileReference; lastKnownFileType = sourcecode.swift; path = NowPlayingSnapshot.swift; sourceTree = "<group>"; };
		B9286881105751BAB5361070 /* CoverSyncTests.swift */ = {isa = PBXFileReference; lastKnownFileType = sourcecode.swift; path = CoverSyncTests.swift; sourceTree = "<group>"; };
		B9866A3F021B73E1690A549B /* CopyStateTests.swift */ = {isa = PBXFileReference; lastKnownFileType = sourcecode.swift; path = CopyStateTests.swift; sourceTree = "<group>"; };
		C266E3FFEA78B55E971D7D96 /* LibraryView.swift */ = {isa = PBXFileReference; lastKnownFileType = sourcecode.swift; path = LibraryView.swift; sourceTree = "<group>"; };
		C53EF9CC9A1FB6E57CBEDB05 /* PlayerLifecycleTests.swift */ = {isa = PBXFileReference; lastKnownFileType = sourcecode.swift; path = PlayerLifecycleTests.swift; sourceTree = "<group>"; };
		C5450C0C927711EAF2A80272 /* Logger+Earmark.swift */ = {isa = PBXFileReference; lastKnownFileType = sourcecode.swift; path = "Logger+Earmark.swift"; sourceTree = "<group>"; };
		C857A89D8BE3D958EA4DB4BD /* BookGrouperTests.swift */ = {isa = PBXFileReference; lastKnownFileType = sourcecode.swift; path = BookGrouperTests.swift; sourceTree = "<group>"; };
		C95A9C210516359B51C340CA /* ListeningPresetsView.swift */ = {isa = PBXFileReference; lastKnownFileType = sourcecode.swift; path = ListeningPresetsView.swift; sourceTree = "<group>"; };
		C9E181EC730C19488655A75C /* NASSetupView.swift */ = {isa = PBXFileReference; lastKnownFileType = sourcecode.swift; path = NASSetupView.swift; sourceTree = "<group>"; };
		CADCFF6B5AFCC3D37ECB59D8 /* BookmarkSearchView.swift */ = {isa = PBXFileReference; lastKnownFileType = sourcecode.swift; path = BookmarkSearchView.swift; sourceTree = "<group>"; };
		CD89F1372BCDEC869661AF28 /* MetadataReader.swift */ = {isa = PBXFileReference; lastKnownFileType = sourcecode.swift; path = MetadataReader.swift; sourceTree = "<group>"; };
		CF5B4DC8D23973CFE456A9AA /* EditBookDetailsView.swift */ = {isa = PBXFileReference; lastKnownFileType = sourcecode.swift; path = EditBookDetailsView.swift; sourceTree = "<group>"; };
		D10A619A7B7DD9D628D7CF41 /* CoverChoice.swift */ = {isa = PBXFileReference; lastKnownFileType = sourcecode.swift; path = CoverChoice.swift; sourceTree = "<group>"; };
		D21E307C4C5667A0FA04AF72 /* ListeningSession.swift */ = {isa = PBXFileReference; lastKnownFileType = sourcecode.swift; path = ListeningSession.swift; sourceTree = "<group>"; };
		D43E0F27D98A57EF595B8284 /* CopyState.swift */ = {isa = PBXFileReference; lastKnownFileType = sourcecode.swift; path = CopyState.swift; sourceTree = "<group>"; };
		D4AB7E053E1EDBD08ABF661A /* chapter1.mp3 */ = {isa = PBXFileReference; lastKnownFileType = audio.mp3; path = chapter1.mp3; sourceTree = "<group>"; };
		D85D1074D532B131D98066F4 /* ArtworkStore.swift */ = {isa = PBXFileReference; lastKnownFileType = sourcecode.swift; path = ArtworkStore.swift; sourceTree = "<group>"; };
		DBC158F247888142811C2A71 /* Debug.xcconfig */ = {isa = PBXFileReference; lastKnownFileType = text.xcconfig; path = Debug.xcconfig; sourceTree = "<group>"; };
		DC0F2842DE201D524D59A8EC /* BookLookupView.swift */ = {isa = PBXFileReference; lastKnownFileType = sourcecode.swift; path = BookLookupView.swift; sourceTree = "<group>"; };
		DC3457D77DB1151DAFB56F79 /* AuthorShelfView.swift */ = {isa = PBXFileReference; lastKnownFileType = sourcecode.swift; path = AuthorShelfView.swift; sourceTree = "<group>"; };
		DED77F24493E6E912E2FF488 /* CloudProgressSync.swift */ = {isa = PBXFileReference; lastKnownFileType = sourcecode.swift; path = CloudProgressSync.swift; sourceTree = "<group>"; };
		DF1C494AE7F0A4EC67C96742 /* KeychainStore.swift */ = {isa = PBXFileReference; lastKnownFileType = sourcecode.swift; path = KeychainStore.swift; sourceTree = "<group>"; };
		DFB75F82E0C4FF051BED14D4 /* LibraryModel+Tools.swift */ = {isa = PBXFileReference; lastKnownFileType = sourcecode.swift; path = "LibraryModel+Tools.swift"; sourceTree = "<group>"; };
		E039F76BC4094453B23E6C1E /* Assets.xcassets */ = {isa = PBXFileReference; lastKnownFileType = folder.assetcatalog; path = Assets.xcassets; sourceTree = "<group>"; };
		E15FA6944A3C0DD1ED9B4307 /* LibraryModel+Downloads.swift */ = {isa = PBXFileReference; lastKnownFileType = sourcecode.swift; path = "LibraryModel+Downloads.swift"; sourceTree = "<group>"; };
		E1E29420AE2D827CAF9F74F1 /* GroupingEditorView.swift */ = {isa = PBXFileReference; lastKnownFileType = sourcecode.swift; path = GroupingEditorView.swift; sourceTree = "<group>"; };
		E2E4D363B49AD5CFC7F0AFE9 /* SMBResourceLoader.swift */ = {isa = PBXFileReference; lastKnownFileType = sourcecode.swift; path = SMBResourceLoader.swift; sourceTree = "<group>"; };
		E3CE3A9E5DC60CD92088209F /* BookLookup.swift */ = {isa = PBXFileReference; lastKnownFileType = sourcecode.swift; path = BookLookup.swift; sourceTree = "<group>"; };
		E3E28E8D16340B9AFD1E8F80 /* DownloadManager.swift */ = {isa = PBXFileReference; lastKnownFileType = sourcecode.swift; path = DownloadManager.swift; sourceTree = "<group>"; };
		E769569E89D398ACA2E97FA0 /* ReadingLogEntry.swift */ = {isa = PBXFileReference; lastKnownFileType = sourcecode.swift; path = ReadingLogEntry.swift; sourceTree = "<group>"; };
		E81295036C4374E8D926BA71 /* BookContextMenu.swift */ = {isa = PBXFileReference; lastKnownFileType = sourcecode.swift; path = BookContextMenu.swift; sourceTree = "<group>"; };
		E9919AF894D7B8D85C04E675 /* BookListTests.swift */ = {isa = PBXFileReference; lastKnownFileType = sourcecode.swift; path = BookListTests.swift; sourceTree = "<group>"; };
		E9E958126C9019EBE21E1F84 /* LibraryState.swift */ = {isa = PBXFileReference; lastKnownFileType = sourcecode.swift; path = LibraryState.swift; sourceTree = "<group>"; };
		ECEC263012AC9050C84B7BDB /* LibraryStateCompatTests.swift */ = {isa = PBXFileReference; lastKnownFileType = sourcecode.swift; path = LibraryStateCompatTests.swift; sourceTree = "<group>"; };
		EE056FF40D4D5AE2F9BDC5B6 /* PlayerSheets.swift */ = {isa = PBXFileReference; lastKnownFileType = sourcecode.swift; path = PlayerSheets.swift; sourceTree = "<group>"; };
		EE95BB380E4FD3C19A12CC7C /* DownloadRemovalTests.swift */ = {isa = PBXFileReference; lastKnownFileType = sourcecode.swift; path = DownloadRemovalTests.swift; sourceTree = "<group>"; };
		EFB9C9B02A68EA1886195C96 /* QuickTagReader.swift */ = {isa = PBXFileReference; lastKnownFileType = sourcecode.swift; path = QuickTagReader.swift; sourceTree = "<group>"; };
		F05F2648E563E2F937A2CA73 /* OverflowToolbar.swift */ = {isa = PBXFileReference; lastKnownFileType = sourcecode.swift; path = OverflowToolbar.swift; sourceTree = "<group>"; };
		F18565FAECA3A7A42EF2241E /* LibraryBackupView.swift */ = {isa = PBXFileReference; lastKnownFileType = sourcecode.swift; path = LibraryBackupView.swift; sourceTree = "<group>"; };
		F6E5C69417482DCC76C7CA43 /* NextUpTests.swift */ = {isa = PBXFileReference; lastKnownFileType = sourcecode.swift; path = NextUpTests.swift; sourceTree = "<group>"; };
		FB8115FE155C26E428267EA0 /* CoverSearchTests.swift */ = {isa = PBXFileReference; lastKnownFileType = sourcecode.swift; path = CoverSearchTests.swift; sourceTree = "<group>"; };
		FC544E097532D4DDACF9FADF /* ProgressSync.swift */ = {isa = PBXFileReference; lastKnownFileType = sourcecode.swift; path = ProgressSync.swift; sourceTree = "<group>"; };
		FCCF74D585D67817DFE3BA2E /* ReconnectLibraryView.swift */ = {isa = PBXFileReference; lastKnownFileType = sourcecode.swift; path = ReconnectLibraryView.swift; sourceTree = "<group>"; };
/* End PBXFileReference section */

/* Begin PBXFrameworksBuildPhase section */
		99B6306A1360263DD3A883FB /* Frameworks */ = {
			isa = PBXFrameworksBuildPhase;
			buildActionMask = 2147483647;
			files = (
				B6A1DC3B4A7C7BCBBCD33244 /* AMSMB2 in Frameworks */,
				49C1CD1E96C277CD542DD32C /* ShelfKit in Frameworks */,
			);
			runOnlyForDeploymentPostprocessing = 0;
		};
/* End PBXFrameworksBuildPhase section */

/* Begin PBXGroup section */
		10518312DDC7F76E5CCF837D /* Fixtures */ = {
			isa = PBXGroup;
			children = (
				D4AB7E053E1EDBD08ABF661A /* chapter1.mp3 */,
				5DFF0FA0AB57CFA5C1612B67 /* raven.mp3 */,
			);
			path = Fixtures;
			sourceTree = "<group>";
		};
		131DC5D95BB656E9D97B754C /* Stats */ = {
			isa = PBXGroup;
			children = (
				1218F207CB24F25899DEDE21 /* ListeningInsightsView.swift */,
				484BF16F202F4CA32414EB12 /* LogPastBookView.swift */,
				B67917FDCE2F12C66E46943F /* MarkFinishedSheet.swift */,
				A7521889F7E9EF7A25C99F0E /* StatsView.swift */,
			);
			path = Stats;
			sourceTree = "<group>";
		};
		1AE7B958F1C4E7543A75333B /* CarPlay */ = {
			isa = PBXGroup;
			children = (
				3548D15C0779ABA8F894721B /* CarPlayInterface.swift */,
				261DF5544E541EB03D960595 /* CarPlaySceneDelegate.swift */,
			);
			path = CarPlay;
			sourceTree = "<group>";
		};
		2D17215EDDE4E36AC1B2480A /* Settings */ = {
			isa = PBXGroup;
			children = (
				8845D138187AA30B4D2D66FA /* SettingsView.swift */,
			);
			path = Settings;
			sourceTree = "<group>";
		};
		2ECD55EA0A8B041EED1CE472 /* Products */ = {
			isa = PBXGroup;
			children = (
				1C7DE4A5CA938E53610AB05B /* Earmark.app */,
				0A2BC799EA823DD553F3B79F /* EarmarkTests.xctest */,
				55976C976612A2E49688DF2E /* EarmarkWidgets.appex */,
			);
			name = Products;
			sourceTree = "<group>";
		};
		3C679A2A823174233E13E172 = {
			isa = PBXGroup;
			children = (
				AB011B9DE92351072B129384 /* Config */,
				C307836167CE954A66D7E341 /* Earmark */,
				E2A194C74F4E0DCF8DD23EEA /* EarmarkTests */,
				78F5F12265B4E54A3DAB5F20 /* EarmarkWidgets */,
				99B4700BF938E87E07E58FCB /* Shared */,
				2ECD55EA0A8B041EED1CE472 /* Products */,
			);
			sourceTree = "<group>";
		};
		3E696C83CD01E668BCF7DEC6 /* Services */ = {
			isa = PBXGroup;
			children = (
				C59E0DFB0BE4B59D73875C8F /* Library */,
				DE90A540943396782202E0DD /* Network */,
				7D55529ED9BD4D071A7718D4 /* Playback */,
			);
			path = Services;
			sourceTree = "<group>";
		};
		41505C829223BE6C975789B1 /* Components */ = {
			isa = PBXGroup;
			children = (
				B2DBB1B328833BAC30AD5BC6 /* ArtworkView.swift */,
				E81295036C4374E8D926BA71 /* BookContextMenu.swift */,
				F05F2648E563E2F937A2CA73 /* OverflowToolbar.swift */,
				3C57B260908E128DE2B07322 /* ProgressBar.swift */,
			);
			path = Components;
			sourceTree = "<group>";
		};
		54FDC07EF07D26DF07B4A4CB /* Views */ = {
			isa = PBXGroup;
			children = (
				41505C829223BE6C975789B1 /* Components */,
				A48145A6CE87FED9AD649044 /* Library */,
				5DCE31B8F15BE05AE5750CF8 /* Player */,
				655ED5BD7B9A40574428DE51 /* Root */,
				2D17215EDDE4E36AC1B2480A /* Settings */,
				E38CEB54C8BACD8AA94127F5 /* Sources */,
				131DC5D95BB656E9D97B754C /* Stats */,
			);
			path = Views;
			sourceTree = "<group>";
		};
		5DCE31B8F15BE05AE5750CF8 /* Player */ = {
			isa = PBXGroup;
			children = (
				C95A9C210516359B51C340CA /* ListeningPresetsView.swift */,
				B52A4E75C03AC08D157F6290 /* MiniPlayerView.swift */,
				EE056FF40D4D5AE2F9BDC5B6 /* PlayerSheets.swift */,
				9BBDEE3EE28DD74DBB044B5D /* PlayerView.swift */,
				5C69D2873FA693457F574DB5 /* RoutePickerView.swift */,
				A14AEFB377E556BBE0D2D645 /* ScrubberView.swift */,
				8EB98C6335A7018E5235A76C /* TransportControls.swift */,
				850A8717F7274C2801872150 /* UpNextCard.swift */,
			);
			path = Player;
			sourceTree = "<group>";
		};
		655ED5BD7B9A40574428DE51 /* Root */ = {
			isa = PBXGroup;
			children = (
				094547DBE76AACD1E58D4ED3 /* RootView.swift */,
			);
			path = Root;
			sourceTree = "<group>";
		};
		7878822E694812D4690766C3 /* Models */ = {
			isa = PBXGroup;
			children = (
				AEB16F753EB29D72187857F1 /* AppSettings.swift */,
				4EA9C1B59012131A51DF6716 /* Book.swift */,
				68ED0586B8828A3827986D3E /* BookList.swift */,
				B55B4E3AF3EE0F9EE6FCB7A6 /* Bookmark.swift */,
				B64E59C7852D5E60D668A957 /* BookMetadataOverride.swift */,
				AAC7A3575E89FE9701132A68 /* Chapter.swift */,
				D10A619A7B7DD9D628D7CF41 /* CoverChoice.swift */,
				7990E564C463C8EE7985A33A /* LibraryQueries.swift */,
				009737EB74631A870EB84AA1 /* LibrarySource.swift */,
				E9E958126C9019EBE21E1F84 /* LibraryState.swift */,
				B557213DB4D18C2E7492DE7D /* ListeningPreset.swift */,
				D21E307C4C5667A0FA04AF72 /* ListeningSession.swift */,
				46770A0FB10C1EDC893CBA28 /* ManualGrouping.swift */,
				004868C0050F08507DC20E10 /* PlaybackProgress.swift */,
				E769569E89D398ACA2E97FA0 /* ReadingLogEntry.swift */,
				564EAE9677E67D93995FBBE0 /* ReadingStats.swift */,
				597D893ECB9BAFC906BA9061 /* Track.swift */,
			);
			path = Models;
			sourceTree = "<group>";
		};
		78F5F12265B4E54A3DAB5F20 /* EarmarkWidgets */ = {
			isa = PBXGroup;
			children = (
				674F8D5E4C4B3AF55D400BAB /* ContinueListeningWidget.swift */,
				9ADA1B2535F3AD13F219B8B7 /* EarmarkWidgetBundle.swift */,
				737CD7532933F770716B7DF7 /* EarmarkWidgets-Device.entitlements */,
				33E7695EB1983AFE3A6C0968 /* EarmarkWidgets.entitlements */,
			);
			path = EarmarkWidgets;
			sourceTree = "<group>";
		};
		7D55529ED9BD4D071A7718D4 /* Playback */ = {
			isa = PBXGroup;
			children = (
				3643A3F6C6C35669E6BFFAC5 /* AudioSessionManager.swift */,
				622DE5E4F3EF19AFA051592C /* NowPlayingController.swift */,
				48CC979CDDE31B249D52F0EE /* PlaybackAudioProcessor.swift */,
				27B3D8FEA19546CFA173987A /* PlayerEngine.swift */,
			);
			path = Playback;
			sourceTree = "<group>";
		};
		8C26CE41AA2F22DA0C2E496B /* App */ = {
			isa = PBXGroup;
			children = (
				26B535F6B51ECA35675979B7 /* AppEnvironment.swift */,
				A64354FEC8BAE495A5FABA85 /* EarmarkApp.swift */,
				4C8AB46399D4EB8BF119A21C /* EarmarkIntents.swift */,
			);
			path = App;
			sourceTree = "<group>";
		};
		99B4700BF938E87E07E58FCB /* Shared */ = {
			isa = PBXGroup;
			children = (
				B8099B37BF7CE43AB8CBEA21 /* NowPlayingSnapshot.swift */,
			);
			path = Shared;
			sourceTree = "<group>";
		};
		A48145A6CE87FED9AD649044 /* Library */ = {
			isa = PBXGroup;
			children = (
				DC3457D77DB1151DAFB56F79 /* AuthorShelfView.swift */,
				94D6CF1F3D54A0E4772BA746 /* BookCardView.swift */,
				692A485EFDE03BB1D9D10A80 /* BookDetailView.swift */,
				DC0F2842DE201D524D59A8EC /* BookLookupView.swift */,
				CADCFF6B5AFCC3D37ECB59D8 /* BookmarkSearchView.swift */,
				55737A1219DD9B7F7846B451 /* CoverPickerView.swift */,
				CF5B4DC8D23973CFE456A9AA /* EditBookDetailsView.swift */,
				E1E29420AE2D827CAF9F74F1 /* GroupingEditorView.swift */,
				F18565FAECA3A7A42EF2241E /* LibraryBackupView.swift */,
				4DE473AE8E224A77ED806632 /* LibraryToolsView.swift */,
				C266E3FFEA78B55E971D7D96 /* LibraryView.swift */,
				804E4D4D93B0A9265FECDB1A /* ListsViews.swift */,
				69440013FA8DA6B07FE61D13 /* OfflineLibraryView.swift */,
				FCCF74D585D67817DFE3BA2E /* ReconnectLibraryView.swift */,
				5240AAA669523BD4266514F8 /* ShelfPageViews.swift */,
			);
			path = Library;
			sourceTree = "<group>";
		};
		A9A0BBF311DC8A4AEDF6EC34 /* Resources */ = {
			isa = PBXGroup;
			children = (
				E039F76BC4094453B23E6C1E /* Assets.xcassets */,
				791BCCC6B673ACBEB43D546C /* Earmark-Device.entitlements */,
				2F42D2B3237B9F8EDB917B4C /* Earmark.entitlements */,
				865231380D0FAD86ADF60709 /* PrivacyInfo.xcprivacy */,
			);
			path = Resources;
			sourceTree = "<group>";
		};
		AB011B9DE92351072B129384 /* Config */ = {
			isa = PBXGroup;
			children = (
				DBC158F247888142811C2A71 /* Debug.xcconfig */,
				2C7AF3FDAC4886294CC87E6E /* Release.xcconfig */,
			);
			path = Config;
			sourceTree = "<group>";
		};
		C307836167CE954A66D7E341 /* Earmark */ = {
			isa = PBXGroup;
			children = (
				8C26CE41AA2F22DA0C2E496B /* App */,
				1AE7B958F1C4E7543A75333B /* CarPlay */,
				E013A96B5EF0E61B8581F4C6 /* Extensions */,
				7878822E694812D4690766C3 /* Models */,
				A9A0BBF311DC8A4AEDF6EC34 /* Resources */,
				3E696C83CD01E668BCF7DEC6 /* Services */,
				54FDC07EF07D26DF07B4A4CB /* Views */,
			);
			path = Earmark;
			sourceTree = "<group>";
		};
		C59E0DFB0BE4B59D73875C8F /* Library */ = {
			isa = PBXGroup;
			children = (
				D85D1074D532B131D98066F4 /* ArtworkStore.swift */,
				37A3712B6BBC374281EF3C06 /* AudioFileTypes.swift */,
				4318C49E54FDB7B284984534 /* BookGrouper.swift */,
				27C9539EF2D8988028208F79 /* BookGrouper+Chapters.swift */,
				E3CE3A9E5DC60CD92088209F /* BookLookup.swift */,
				200A0959C024E3F96999E492 /* Catalogs.swift */,
				DED77F24493E6E912E2FF488 /* CloudProgressSync.swift */,
				D43E0F27D98A57EF595B8284 /* CopyState.swift */,
				4AD10DCC92BBCA42CE790F14 /* CoverSearch.swift */,
				22E324682D9AA6260811DB36 /* CoverSync.swift */,
				37C30F83F9766BA3DA5D331B /* DownloadRemoval.swift */,
				B7735C53E3604CE3F7602A18 /* DuplicateFinder.swift */,
				9D4229B5CB748E2100ABBD21 /* LibraryModel.swift */,
				9A310FB3F8716ACE87943613 /* LibraryModel+Activity.swift */,
				10541F5B861C6BE700776152 /* LibraryModel+Arrivals.swift */,
				A49DC1CB59DAF8FA020F5F94 /* LibraryModel+Cloud.swift */,
				47AE9F138750432E3DA4E7FF /* LibraryModel+Covers.swift */,
				E15FA6944A3C0DD1ED9B4307 /* LibraryModel+Downloads.swift */,
				79AF5C8DB06C7F439EDC5BFB /* LibraryModel+Duplicates.swift */,
				2FBF8E002F37F5E2A96D897F /* LibraryModel+History.swift */,
				2A5C8407099B00D442295FA5 /* LibraryModel+Lists.swift */,
				B61C91F8B4342B1BD94A4D7D /* LibraryModel+Maintenance.swift */,
				765166563772C00B922D84CE /* LibraryModel+NAS.swift */,
				5763E54B1EF17EE7A6B1D10D /* LibraryModel+Queries.swift */,
				DFB75F82E0C4FF051BED14D4 /* LibraryModel+Tools.swift */,
				12BAAFAF14A3482B36D846E6 /* LibraryScanner.swift */,
				63EF2B848B1A36EDA036BF9F /* LibraryStore.swift */,
				0A26B712F61D780EBF9E01F7 /* MetadataAI.swift */,
				36D5C7A19E3B8F86CDA42C4F /* MetadataCache.swift */,
				CD89F1372BCDEC869661AF28 /* MetadataReader.swift */,
				2FF7BE34D0DAEF7BF4976DD4 /* NameParser.swift */,
				33210FD8C7F3E020729D2740 /* PortableBackup.swift */,
				677FA1C4313D0D79DCA70250 /* PortableGrouping.swift */,
				FC544E097532D4DDACF9FADF /* ProgressSync.swift */,
				EFB9C9B02A68EA1886195C96 /* QuickTagReader.swift */,
			);
			path = Library;
			sourceTree = "<group>";
		};
		DE90A540943396782202E0DD /* Network */ = {
			isa = PBXGroup;
			children = (
				E3E28E8D16340B9AFD1E8F80 /* DownloadManager.swift */,
				DF1C494AE7F0A4EC67C96742 /* KeychainStore.swift */,
				2DA26C5C4FCE8B21FC65224E /* NASClient+Streaming.swift */,
				E2E4D363B49AD5CFC7F0AFE9 /* SMBResourceLoader.swift */,
			);
			path = Network;
			sourceTree = "<group>";
		};
		E013A96B5EF0E61B8581F4C6 /* Extensions */ = {
			isa = PBXGroup;
			children = (
				C5450C0C927711EAF2A80272 /* Logger+Earmark.swift */,
				0313295AD219C8A882927C8D /* TimeInterval+Format.swift */,
			);
			path = Extensions;
			sourceTree = "<group>";
		};
		E2A194C74F4E0DCF8DD23EEA /* EarmarkTests */ = {
			isa = PBXGroup;
			children = (
				22F43F134AAFB6721B29281D /* ArtworkStoreTests.swift */,
				C857A89D8BE3D958EA4DB4BD /* BookGrouperTests.swift */,
				E9919AF894D7B8D85C04E675 /* BookListTests.swift */,
				21A5E6A4F0F6906FCD6BE290 /* BookLookupTests.swift */,
				28065A28B64CBEDF3065F454 /* BookmarkSyncTests.swift */,
				2FABB7AC9A1EE5EBEAFE35BD /* BookMetadataOverrideTests.swift */,
				862DC9C49B6D67781476C544 /* BookPositionTests.swift */,
				B9866A3F021B73E1690A549B /* CopyStateTests.swift */,
				FB8115FE155C26E428267EA0 /* CoverSearchTests.swift */,
				B9286881105751BAB5361070 /* CoverSyncTests.swift */,
				EE95BB380E4FD3C19A12CC7C /* DownloadRemovalTests.swift */,
				50F910FC61A13485FCB738C2 /* DuplicateFinderTests.swift */,
				0C6A588CA99CD56CAB8F90A9 /* FormattingTests.swift */,
				2830512E63C478A2F7832BA2 /* LibraryScannerTests.swift */,
				ECEC263012AC9050C84B7BDB /* LibraryStateCompatTests.swift */,
				578E4BFB3951024B60EF250D /* ListeningTests.swift */,
				096A35C8054F45EEFA0F990D /* ListeningToolsTests.swift */,
				64D06B158903CBC1D05DA70D /* ManualGroupingTests.swift */,
				733FE2BA19BAE04E429DD74D /* NameParserTests.swift */,
				F6E5C69417482DCC76C7CA43 /* NextUpTests.swift */,
				9CDA2E1FA42BCA371320D1BD /* NowPlayingSnapshotTests.swift */,
				C53EF9CC9A1FB6E57CBEDB05 /* PlayerLifecycleTests.swift */,
				3882A3BE3D518BBFA73F40E5 /* PortableBackupTests.swift */,
				7E40164280CA9E44346EE942 /* ProgressSyncTests.swift */,
				9A93D89577F53EEDBAAAAA2E /* QuickTagReaderTests.swift */,
				5C67FE77ED8F4C2421D74B73 /* ReadingStatsTests.swift */,
				5ED8B718298C42A17D2AA118 /* SilenceGateTests.swift */,
				10518312DDC7F76E5CCF837D /* Fixtures */,
			);
			path = EarmarkTests;
			sourceTree = "<group>";
		};
		E38CEB54C8BACD8AA94127F5 /* Sources */ = {
			isa = PBXGroup;
			children = (
				521E1803AE8A0DF8A4742E44 /* DuplicatesView.swift */,
				C9E181EC730C19488655A75C /* NASSetupView.swift */,
				45CCC731B838A36EAF254AFD /* SourceBrowserView.swift */,
				53B011645CE728C6AEFBF9E9 /* SourcesView.swift */,
			);
			path = Sources;
			sourceTree = "<group>";
		};
/* End PBXGroup section */

/* Begin PBXNativeTarget section */
		1B22CCFC5AA5870D2A60BFE8 /* EarmarkWidgets */ = {
			isa = PBXNativeTarget;
			buildConfigurationList = DC3680BAB4A3A2F6966B96F5 /* Build configuration list for PBXNativeTarget "EarmarkWidgets" */;
			buildPhases = (
				4BF9D934917CDC97CE746033 /* Sources */,
			);
			buildRules = (
			);
			dependencies = (
			);
			name = EarmarkWidgets;
			packageProductDependencies = (
			);
			productName = EarmarkWidgets;
			productReference = 55976C976612A2E49688DF2E /* EarmarkWidgets.appex */;
			productType = "com.apple.product-type.app-extension";
		};
		4023B64D87FB9F7DCB8677CA /* Earmark */ = {
			isa = PBXNativeTarget;
			buildConfigurationList = F170F9C61E155B2A2C906111 /* Build configuration list for PBXNativeTarget "Earmark" */;
			buildPhases = (
				8621CC55D19C854DFE66AB94 /* Sources */,
				E4A2C9EAE9B8BD65D1800DC2 /* Resources */,
				99B6306A1360263DD3A883FB /* Frameworks */,
				E3E06029A5F91E61356C4B94 /* Embed Foundation Extensions */,
				73275C8F9CD9BA57AEA485F4 /* Embed Frameworks */,
			);
			buildRules = (
			);
			dependencies = (
				49F9A970CDCC08DDA5F3E50C /* PBXTargetDependency */,
			);
			name = Earmark;
			packageProductDependencies = (
				F56A508B36B9A9CBCA46A207 /* AMSMB2 */,
				080064CA7375FB2EB147A68D /* ShelfKit */,
			);
			productName = Earmark;
			productReference = 1C7DE4A5CA938E53610AB05B /* Earmark.app */;
			productType = "com.apple.product-type.application";
		};
		B95B6CE95F5EEC67991C6EDA /* EarmarkTests */ = {
			isa = PBXNativeTarget;
			buildConfigurationList = 16E8A6A664688E5B377D398B /* Build configuration list for PBXNativeTarget "EarmarkTests" */;
			buildPhases = (
				3CBE289ABA5B5F6326173FA3 /* Sources */,
				ACC47464C27E2A82F70D0F49 /* Resources */,
			);
			buildRules = (
			);
			dependencies = (
				7D6EF9A91F50E3FEA161DAD7 /* PBXTargetDependency */,
			);
			name = EarmarkTests;
			packageProductDependencies = (
			);
			productName = EarmarkTests;
			productReference = 0A2BC799EA823DD553F3B79F /* EarmarkTests.xctest */;
			productType = "com.apple.product-type.bundle.unit-test";
		};
/* End PBXNativeTarget section */

/* Begin PBXProject section */
		2E0FED915C47DD28FDB943E8 /* Project object */ = {
			isa = PBXProject;
			attributes = {
				BuildIndependentTargetsInParallel = YES;
				LastUpgradeCheck = 2600;
				TargetAttributes = {
					1B22CCFC5AA5870D2A60BFE8 = {
						DevelopmentTeam = 8Q3RG3ULSU;
						ProvisioningStyle = Automatic;
					};
					4023B64D87FB9F7DCB8677CA = {
						DevelopmentTeam = 8Q3RG3ULSU;
						ProvisioningStyle = Automatic;
					};
					B95B6CE95F5EEC67991C6EDA = {
						DevelopmentTeam = 8Q3RG3ULSU;
						ProvisioningStyle = Automatic;
					};
				};
			};
			buildConfigurationList = 6BE04E3B87C9A5A2DBB20FC3 /* Build configuration list for PBXProject "Earmark" */;
			developmentRegion = en;
			hasScannedForEncodings = 0;
			knownRegions = (
				Base,
				en,
			);
			mainGroup = 3C679A2A823174233E13E172;
			minimizedProjectReferenceProxies = 1;
			packageReferences = (
				93137C9C0A0D298A0C5437FF /* XCRemoteSwiftPackageReference "AMSMB2" */,
				68A85DC56B59AF1858E4942A /* XCRemoteSwiftPackageReference "shelfkit" */,
			);
			preferredProjectObjectVersion = 77;
			productRefGroup = 2ECD55EA0A8B041EED1CE472 /* Products */;
			projectDirPath = "";
			projectRoot = "";
			targets = (
				4023B64D87FB9F7DCB8677CA /* Earmark */,
				1B22CCFC5AA5870D2A60BFE8 /* EarmarkWidgets */,
				B95B6CE95F5EEC67991C6EDA /* EarmarkTests */,
			);
		};
/* End PBXProject section */

/* Begin PBXResourcesBuildPhase section */
		ACC47464C27E2A82F70D0F49 /* Resources */ = {
			isa = PBXResourcesBuildPhase;
			buildActionMask = 2147483647;
			files = (
				193EC2C791350A0AC8D4C1E0 /* chapter1.mp3 in Resources */,
				F9537F231B624DE83E4BEA1E /* raven.mp3 in Resources */,
			);
			runOnlyForDeploymentPostprocessing = 0;
		};
		E4A2C9EAE9B8BD65D1800DC2 /* Resources */ = {
			isa = PBXResourcesBuildPhase;
			buildActionMask = 2147483647;
			files = (
				992591671542F4EE7F99A70D /* Assets.xcassets in Resources */,
				3EEBE763303B22E8E1DF4574 /* PrivacyInfo.xcprivacy in Resources */,
			);
			runOnlyForDeploymentPostprocessing = 0;
		};
/* End PBXResourcesBuildPhase section */

/* Begin PBXSourcesBuildPhase section */
		3CBE289ABA5B5F6326173FA3 /* Sources */ = {
			isa = PBXSourcesBuildPhase;
			buildActionMask = 2147483647;
			files = (
				1487A4C15D0A9869CD937D17 /* ArtworkStoreTests.swift in Sources */,
				0112F693050CA4D6636F3F1D /* BookGrouperTests.swift in Sources */,
				B0DA5E1CF1A170474BDCA534 /* BookListTests.swift in Sources */,
				65C9A86A975FA7473EA82951 /* BookLookupTests.swift in Sources */,
				880D77B866EB135454DA72C2 /* BookMetadataOverrideTests.swift in Sources */,
				C8EC46FF05F7D82EF6AB9FAB /* BookPositionTests.swift in Sources */,
				445E53611B5B96BFC6B23410 /* BookmarkSyncTests.swift in Sources */,
				A9CC1B5B99CC7E32305D5963 /* CopyStateTests.swift in Sources */,
				1DA07ABA7DEE99727DD475A6 /* CoverSearchTests.swift in Sources */,
				792512DA8A34496DCE1411E2 /* CoverSyncTests.swift in Sources */,
				D5F042ABE818494360F7D3E4 /* DownloadRemovalTests.swift in Sources */,
				AB6F08EFFEA0C2C4B16D6C7B /* DuplicateFinderTests.swift in Sources */,
				75C52F1CC39B1FBE4E14F387 /* FormattingTests.swift in Sources */,
				ACA01A55A610A0839A8F4561 /* LibraryScannerTests.swift in Sources */,
				5ABD03D05251F2037C706E79 /* LibraryStateCompatTests.swift in Sources */,
				5E6AF0DA53B3CBDE608A7318 /* ListeningTests.swift in Sources */,
				7ABE4EE7DFAF5F052383B91E /* ListeningToolsTests.swift in Sources */,
				C73B2BD58136C1E9AB9F29F3 /* ManualGroupingTests.swift in Sources */,
				BC7DACEF8F6E6F0BEC8CD474 /* NameParserTests.swift in Sources */,
				95CF18AB76241A7DB5C65416 /* NextUpTests.swift in Sources */,
				4CD220CD3B9FE33F451B8FAD /* NowPlayingSnapshotTests.swift in Sources */,
				9B4C6066762D0216C0494093 /* PlayerLifecycleTests.swift in Sources */,
				471818E0785852CD288B092F /* PortableBackupTests.swift in Sources */,
				1C21AD7FFD57A485A68FFE00 /* ProgressSyncTests.swift in Sources */,
				CD57393E50706A383CCB9C61 /* QuickTagReaderTests.swift in Sources */,
				6367566AE08DE934C145A0F4 /* ReadingStatsTests.swift in Sources */,
				5DEB6B9E1B8DCCBDDBB6B28F /* SilenceGateTests.swift in Sources */,
			);
			runOnlyForDeploymentPostprocessing = 0;
		};
		4BF9D934917CDC97CE746033 /* Sources */ = {
			isa = PBXSourcesBuildPhase;
			buildActionMask = 2147483647;
			files = (
				B0A7C49BFE9F6253AB819976 /* ContinueListeningWidget.swift in Sources */,
				67AF8363E35C4258A2B4FB4C /* EarmarkWidgetBundle.swift in Sources */,
				47BC3EFE4FBAA62C0E751B02 /* NowPlayingSnapshot.swift in Sources */,
			);
			runOnlyForDeploymentPostprocessing = 0;
		};
		8621CC55D19C854DFE66AB94 /* Sources */ = {
			isa = PBXSourcesBuildPhase;
			buildActionMask = 2147483647;
			files = (
				893846D33F8A2F70318829D0 /* AppEnvironment.swift in Sources */,
				2452A42928A096BC12775122 /* AppSettings.swift in Sources */,
				FE3A38DBE8A4BEA7FE92AA71 /* ArtworkStore.swift in Sources */,
				B4292618A2466AB51B857F84 /* ArtworkView.swift in Sources */,
				DE74BDC705D67C6CB9E56C11 /* AudioFileTypes.swift in Sources */,
				C22F8BA6F00A09953C46DFA2 /* AudioSessionManager.swift in Sources */,
				6F8D6EBFB6792D7B83659D92 /* AuthorShelfView.swift in Sources */,
				9A150893EE91E002D6D1BC39 /* Book.swift in Sources */,
				C5969D5FCCA912DB5ECEAA33 /* BookCardView.swift in Sources */,
				32C224FAF75DAF8F54BCA093 /* BookContextMenu.swift in Sources */,
				32301B9659200C43DBFF1561 /* BookDetailView.swift in Sources */,
				C1E526FDACB11B0921057423 /* BookGrouper+Chapters.swift in Sources */,
				667D28B426ECD4C26731841A /* BookGrouper.swift in Sources */,
				5BD3EA0BBD5E697BD12F1CE2 /* BookList.swift in Sources */,
				B046ECD50ACB08DCAB208999 /* BookLookup.swift in Sources */,
				DB4086137F09CEFAA17EFF73 /* BookLookupView.swift in Sources */,
				B6CBFF04A05D4520855BA824 /* BookMetadataOverride.swift in Sources */,
				B8CFFEDA9D238934A4A6AE95 /* Bookmark.swift in Sources */,
				9AB728EBD44A8AE5FFF635A8 /* BookmarkSearchView.swift in Sources */,
				0507EF1BC8D1FFD27DFB766F /* CarPlayInterface.swift in Sources */,
				A090EB4D2C4E79F02C2AF5FA /* CarPlaySceneDelegate.swift in Sources */,
				62E420B72979581A2823B28E /* Catalogs.swift in Sources */,
				7205A4C695AD46E64DE1FEBE /* Chapter.swift in Sources */,
				2FC49A0262FEA03223CF383D /* CloudProgressSync.swift in Sources */,
				A5D2A9A0C1C61294E1CD5ED2 /* CopyState.swift in Sources */,
				31A2FABD9C0AC14289040FEE /* CoverChoice.swift in Sources */,
				D7B7CB040A9E935D47B6EDDC /* CoverPickerView.swift in Sources */,
				A4F337EE34090B232B78240B /* CoverSearch.swift in Sources */,
				7D104AE357D798ADF398A74B /* CoverSync.swift in Sources */,
				56D848C9D4236C5B79568674 /* DownloadManager.swift in Sources */,
				C206183F9D41E7CE85728FC4 /* DownloadRemoval.swift in Sources */,
				53406C677A959DAEC0FA9D63 /* DuplicateFinder.swift in Sources */,
				BFD6EB4CD1DBD20E0C7161DD /* DuplicatesView.swift in Sources */,
				736C0E1F111EAA5C052D24F0 /* EarmarkApp.swift in Sources */,
				8E31C3ACA692E43E26997B8A /* EarmarkIntents.swift in Sources */,
				974A9AF22EAB95E8A846C0E2 /* EditBookDetailsView.swift in Sources */,
				F7AF00A3D685C88A5B3C5DD1 /* GroupingEditorView.swift in Sources */,
				9DD0D41C4F266ECFE170B009 /* KeychainStore.swift in Sources */,
				24C96C2A8F0B8A3A331E6580 /* LibraryBackupView.swift in Sources */,
				3DC905D09DDA7313AAC13EF2 /* LibraryModel+Activity.swift in Sources */,
				E9B6B20273727AEFCAF5D8A7 /* LibraryModel+Arrivals.swift in Sources */,
				210BA1AB362E321CB3D9BFC2 /* LibraryModel+Cloud.swift in Sources */,
				80B01F391CBFCD77A2027599 /* LibraryModel+Covers.swift in Sources */,
				9F10FFB852BDE94C20DB7B41 /* LibraryModel+Downloads.swift in Sources */,
				24C86A62AB0C9CC2048622E8 /* LibraryModel+Duplicates.swift in Sources */,
				B743DDE892D1D07A5EE5CB44 /* LibraryModel+History.swift in Sources */,
				6F061B6795989BA07FE865B5 /* LibraryModel+Lists.swift in Sources */,
				FC508370F642F189B353B46A /* LibraryModel+Maintenance.swift in Sources */,
				11E4A656986FEEB2998DFDAE /* LibraryModel+NAS.swift in Sources */,
				182123A438B927D533FC274E /* LibraryModel+Queries.swift in Sources */,
				FFAC8E58B144D0C88EE07ABE /* LibraryModel+Tools.swift in Sources */,
				77ADF8C366265AFAA1738EEB /* LibraryModel.swift in Sources */,
				B37CF39744F87BA1C59E8779 /* LibraryQueries.swift in Sources */,
				FA05D4D03FD659F719EAD0D5 /* LibraryScanner.swift in Sources */,
				F146BF7B88B4586BEFF29FB6 /* LibrarySource.swift in Sources */,
				1D1422326630D00939B9F27D /* LibraryState.swift in Sources */,
				CDAD45988D1942735D85673D /* LibraryStore.swift in Sources */,
				11FEBC0A661EE102CDE90A6B /* LibraryToolsView.swift in Sources */,
				FF31865A59B94CF19D5E97DE /* LibraryView.swift in Sources */,
				196F1B8B855703558BA8459C /* ListeningInsightsView.swift in Sources */,
				7299427FF3B9E9ABA0A9F353 /* ListeningPreset.swift in Sources */,
				200C3063CEE56783D168077F /* ListeningPresetsView.swift in Sources */,
				B506677351845F3B3CCE9B5D /* ListeningSession.swift in Sources */,
				6C7AAA033E89B0A8805AD3E2 /* ListsViews.swift in Sources */,
				DF0D880DF6FEFC7C288C1EE2 /* LogPastBookView.swift in Sources */,
				3D71630BC6D33F673ECDEF77 /* Logger+Earmark.swift in Sources */,
				CDC350AF021BEAAFC7AAE41F /* ManualGrouping.swift in Sources */,
				BC0A1AFE6C42A56BC7DAC77E /* MarkFinishedSheet.swift in Sources */,
				F4A43E8B629893B20EAB80E1 /* MetadataAI.swift in Sources */,
				FE389CC9C8D9B2B44576B2F7 /* MetadataCache.swift in Sources */,
				DC573F9124C7D83A64021012 /* MetadataReader.swift in Sources */,
				E519E323BDCBEA02D6554D16 /* MiniPlayerView.swift in Sources */,
				02CD73C0D0486B848E0C32FE /* NASClient+Streaming.swift in Sources */,
				D80EB6EEE66E82CE50627EB3 /* NASSetupView.swift in Sources */,
				96452920141A5BF5A62DB5E3 /* NameParser.swift in Sources */,
				460B643196C72A94BA87B95F /* NowPlayingController.swift in Sources */,
				C06D1B9DEA6935CEBD606DF7 /* NowPlayingSnapshot.swift in Sources */,
				65C4CF129E0211EEFDA54411 /* OfflineLibraryView.swift in Sources */,
				7CB1D444A4A9E27A72491945 /* OverflowToolbar.swift in Sources */,
				52B95B9DFF6E6BEAC1EFC712 /* PlaybackAudioProcessor.swift in Sources */,
				89C8384597C8D3CE0D5A588C /* PlaybackProgress.swift in Sources */,
				D5CE1A01B633A8DE08F66D1D /* PlayerEngine.swift in Sources */,
				5D0244837C62F5C0525249F8 /* PlayerSheets.swift in Sources */,
				2268B189466027ABFCEB1438 /* PlayerView.swift in Sources */,
				D1A52C36DB1466D8D472D7A3 /* PortableBackup.swift in Sources */,
				9A032FCEE3C44C9B08EC353B /* PortableGrouping.swift in Sources */,
				A78F5BEAF59C065D7CA8E0D6 /* ProgressBar.swift in Sources */,
				FC11B7C45BAC120419E782EC /* ProgressSync.swift in Sources */,
				87AF4C2B6C9C0D019E45DC6E /* QuickTagReader.swift in Sources */,
				9DCC4B9247F1D29079AB50E8 /* ReadingLogEntry.swift in Sources */,
				D5062CDD72962E6661B1FEA3 /* ReadingStats.swift in Sources */,
				16AD45ACD0A4D41186694366 /* ReconnectLibraryView.swift in Sources */,
				881955DEEF2FEC0A29D615EA /* RootView.swift in Sources */,
				56462B7A6E95C5FB03115A80 /* RoutePickerView.swift in Sources */,
				1D772E61C16FC56AC9A17635 /* SMBResourceLoader.swift in Sources */,
				B165416742A5D292ECC8C1FF /* ScrubberView.swift in Sources */,
				0FBA666FCAC00DC25CBCB9AE /* SettingsView.swift in Sources */,
				BB58345B886170556099ADA2 /* ShelfPageViews.swift in Sources */,
				6854328B94B8392DF568A5EE /* SourceBrowserView.swift in Sources */,
				3BA316CD60CFEA822D3BE866 /* SourcesView.swift in Sources */,
				A95C89D8E852EF1FBB9D7621 /* StatsView.swift in Sources */,
				C97361F99B27E2C4C31264C2 /* TimeInterval+Format.swift in Sources */,
				B4821B78796429BAF200DDF4 /* Track.swift in Sources */,
				D75496E8EFD9EB117DCC5840 /* TransportControls.swift in Sources */,
				60DC9D02A81506644F84A748 /* UpNextCard.swift in Sources */,
			);
			runOnlyForDeploymentPostprocessing = 0;
		};
/* End PBXSourcesBuildPhase section */

/* Begin PBXTargetDependency section */
		49F9A970CDCC08DDA5F3E50C /* PBXTargetDependency */ = {
			isa = PBXTargetDependency;
			target = 1B22CCFC5AA5870D2A60BFE8 /* EarmarkWidgets */;
			targetProxy = B34898A25DA58EC76FCF2528 /* PBXContainerItemProxy */;
		};
		7D6EF9A91F50E3FEA161DAD7 /* PBXTargetDependency */ = {
			isa = PBXTargetDependency;
			target = 4023B64D87FB9F7DCB8677CA /* Earmark */;
			targetProxy = 35FF992E431F6BA636D5A68C /* PBXContainerItemProxy */;
		};
/* End PBXTargetDependency section */

/* Begin XCBuildConfiguration section */
		1452029B86DF2C4F0A69D225 /* Release */ = {
			isa = XCBuildConfiguration;
			baseConfigurationReference = 2C7AF3FDAC4886294CC87E6E /* Release.xcconfig */;
			buildSettings = {
				ASSETCATALOG_COMPILER_APPICON_NAME = AppIcon;
				ASSETCATALOG_COMPILER_GLOBAL_ACCENT_COLOR_NAME = AccentColor;
				"CODE_SIGN_ENTITLEMENTS[sdk=iphoneos*]" = "Earmark/Resources/Earmark-Device.entitlements";
				"CODE_SIGN_ENTITLEMENTS[sdk=iphonesimulator*]" = Earmark/Resources/Earmark.entitlements;
				CODE_SIGN_IDENTITY = "iPhone Developer";
				CURRENT_PROJECT_VERSION = 1;
				ENABLE_PREVIEWS = YES;
				GENERATE_INFOPLIST_FILE = NO;
				INFOPLIST_FILE = Earmark/Resources/Info.plist;
				LD_RUNPATH_SEARCH_PATHS = "$(inherited) @executable_path/Frameworks";
				MARKETING_VERSION = 0.2.0;
				PRODUCT_BUNDLE_IDENTIFIER = com.vanities.earmark;
				PRODUCT_NAME = Earmark;
				SDKROOT = iphoneos;
				SUPPORTS_MACCATALYST = NO;
				SUPPORTS_MAC_DESIGNED_FOR_IPHONE_IPAD = NO;
				SUPPORTS_XR_DESIGNED_FOR_IPHONE_IPAD = NO;
				"SWIFT_ACTIVE_COMPILATION_CONDITIONS[sdk=iphoneos27.1]" = "$(inherited) IPHONE_DUO_LAYOUTS";
				"SWIFT_ACTIVE_COMPILATION_CONDITIONS[sdk=iphoneos27.2]" = "$(inherited) IPHONE_DUO_LAYOUTS";
				"SWIFT_ACTIVE_COMPILATION_CONDITIONS[sdk=iphonesimulator27.1]" = "$(inherited) IPHONE_DUO_LAYOUTS";
				"SWIFT_ACTIVE_COMPILATION_CONDITIONS[sdk=iphonesimulator27.2]" = "$(inherited) IPHONE_DUO_LAYOUTS";
				TARGETED_DEVICE_FAMILY = 1;
			};
			name = Release;
		};
		354F9C2C64D928337C4CD6AE /* Debug */ = {
			isa = XCBuildConfiguration;
			buildSettings = {
				ALWAYS_SEARCH_USER_PATHS = NO;
				ASSETCATALOG_COMPILER_GENERATE_SWIFT_ASSET_SYMBOL_EXTENSIONS = YES;
				CLANG_ANALYZER_NONNULL = YES;
				CLANG_ANALYZER_NUMBER_OBJECT_CONVERSION = YES_AGGRESSIVE;
				CLANG_CXX_LANGUAGE_STANDARD = "gnu++14";
				CLANG_CXX_LIBRARY = "libc++";
				CLANG_ENABLE_MODULES = YES;
				CLANG_ENABLE_OBJC_ARC = YES;
				CLANG_ENABLE_OBJC_WEAK = YES;
				CLANG_WARN_BLOCK_CAPTURE_AUTORELEASING = YES;
				CLANG_WARN_BOOL_CONVERSION = YES;
				CLANG_WARN_COMMA = YES;
				CLANG_WARN_CONSTANT_CONVERSION = YES;
				CLANG_WARN_DEPRECATED_OBJC_IMPLEMENTATIONS = YES;
				CLANG_WARN_DIRECT_OBJC_ISA_USAGE = YES_ERROR;
				CLANG_WARN_DOCUMENTATION_COMMENTS = YES;
				CLANG_WARN_EMPTY_BODY = YES;
				CLANG_WARN_ENUM_CONVERSION = YES;
				CLANG_WARN_INFINITE_RECURSION = YES;
				CLANG_WARN_INT_CONVERSION = YES;
				CLANG_WARN_NON_LITERAL_NULL_CONVERSION = YES;
				CLANG_WARN_OBJC_IMPLICIT_RETAIN_SELF = YES;
				CLANG_WARN_OBJC_LITERAL_CONVERSION = YES;
				CLANG_WARN_OBJC_ROOT_CLASS = YES_ERROR;
				CLANG_WARN_QUOTED_INCLUDE_IN_FRAMEWORK_HEADER = YES;
				CLANG_WARN_RANGE_LOOP_ANALYSIS = YES;
				CLANG_WARN_STRICT_PROTOTYPES = YES;
				CLANG_WARN_SUSPICIOUS_MOVE = YES;
				CLANG_WARN_UNGUARDED_AVAILABILITY = YES_AGGRESSIVE;
				CLANG_WARN_UNREACHABLE_CODE = YES;
				CLANG_WARN__DUPLICATE_METHOD_MATCH = YES;
				CODE_SIGN_STYLE = Automatic;
				COPY_PHASE_STRIP = NO;
				DEBUG_INFORMATION_FORMAT = dwarf;
				DEVELOPMENT_TEAM = 8Q3RG3ULSU;
				ENABLE_STRICT_OBJC_MSGSEND = YES;
				ENABLE_TESTABILITY = YES;
				ENABLE_USER_SCRIPT_SANDBOXING = YES;
				GCC_C_LANGUAGE_STANDARD = gnu11;
				GCC_DYNAMIC_NO_PIC = NO;
				GCC_NO_COMMON_BLOCKS = YES;
				GCC_OPTIMIZATION_LEVEL = 0;
				GCC_PREPROCESSOR_DEFINITIONS = (
					"$(inherited)",
					"DEBUG=1",
				);
				GCC_WARN_64_TO_32_BIT_CONVERSION = YES;
				GCC_WARN_ABOUT_RETURN_TYPE = YES_ERROR;
				GCC_WARN_UNDECLARED_SELECTOR = YES;
				GCC_WARN_UNINITIALIZED_AUTOS = YES_AGGRESSIVE;
				GCC_WARN_UNUSED_FUNCTION = YES;
				GCC_WARN_UNUSED_VARIABLE = YES;
				IPHONEOS_DEPLOYMENT_TARGET = 26.0;
				LOCALIZATION_PREFERS_STRING_CATALOGS = YES;
				MTL_ENABLE_DEBUG_INFO = INCLUDE_SOURCE;
				MTL_FAST_MATH = YES;
				ONLY_ACTIVE_ARCH = YES;
				PRODUCT_NAME = "$(TARGET_NAME)";
				SDKROOT = iphoneos;
				SWIFT_ACTIVE_COMPILATION_CONDITIONS = DEBUG;
				SWIFT_EMIT_LOC_STRINGS = YES;
				SWIFT_OPTIMIZATION_LEVEL = "-Onone";
				SWIFT_STRICT_CONCURRENCY = complete;
				SWIFT_UPCOMING_FEATURE_EXISTENTIAL_ANY = YES;
				SWIFT_VERSION = 5.0;
			};
			name = Debug;
		};
		5D135114BB78C03C9240A91F /* Debug */ = {
			isa = XCBuildConfiguration;
			buildSettings = {
				BUNDLE_LOADER = "$(TEST_HOST)";
				GENERATE_INFOPLIST_FILE = YES;
				LD_RUNPATH_SEARCH_PATHS = (
					"$(inherited)",
					"@executable_path/Frameworks",
					"@loader_path/Frameworks",
				);
				PRODUCT_BUNDLE_IDENTIFIER = com.vanities.earmarkTests;
				SDKROOT = iphoneos;
				TARGETED_DEVICE_FAMILY = "1,2";
				TEST_HOST = "$(BUILT_PRODUCTS_DIR)/Earmark.app/$(BUNDLE_EXECUTABLE_FOLDER_PATH)/Earmark";
			};
			name = Debug;
		};
		6FF763605A1B2D4BE8B5D4D4 /* Debug */ = {
			isa = XCBuildConfiguration;
			buildSettings = {
				"CODE_SIGN_ENTITLEMENTS[sdk=iphoneos*]" = "EarmarkWidgets/EarmarkWidgets-Device.entitlements";
				"CODE_SIGN_ENTITLEMENTS[sdk=iphonesimulator*]" = EarmarkWidgets/EarmarkWidgets.entitlements;
				CURRENT_PROJECT_VERSION = 1;
				GENERATE_INFOPLIST_FILE = NO;
				INFOPLIST_FILE = EarmarkWidgets/Info.plist;
				INFOPLIST_KEY_CFBundleDisplayName = Earmark;
				LD_RUNPATH_SEARCH_PATHS = "$(inherited) @executable_path/Frameworks @executable_path/../../Frameworks";
				MARKETING_VERSION = 0.2.0;
				PRODUCT_BUNDLE_IDENTIFIER = com.vanities.earmark.widgets;
				PRODUCT_NAME = EarmarkWidgets;
				SDKROOT = iphoneos;
				TARGETED_DEVICE_FAMILY = 1;
			};
			name = Debug;
		};
		991EC36D3C0F8BACF5172059 /* Release */ = {
			isa = XCBuildConfiguration;
			buildSettings = {
				ALWAYS_SEARCH_USER_PATHS = NO;
				ASSETCATALOG_COMPILER_GENERATE_SWIFT_ASSET_SYMBOL_EXTENSIONS = YES;
				CLANG_ANALYZER_NONNULL = YES;
				CLANG_ANALYZER_NUMBER_OBJECT_CONVERSION = YES_AGGRESSIVE;
				CLANG_CXX_LANGUAGE_STANDARD = "gnu++14";
				CLANG_CXX_LIBRARY = "libc++";
				CLANG_ENABLE_MODULES = YES;
				CLANG_ENABLE_OBJC_ARC = YES;
				CLANG_ENABLE_OBJC_WEAK = YES;
				CLANG_WARN_BLOCK_CAPTURE_AUTORELEASING = YES;
				CLANG_WARN_BOOL_CONVERSION = YES;
				CLANG_WARN_COMMA = YES;
				CLANG_WARN_CONSTANT_CONVERSION = YES;
				CLANG_WARN_DEPRECATED_OBJC_IMPLEMENTATIONS = YES;
				CLANG_WARN_DIRECT_OBJC_ISA_USAGE = YES_ERROR;
				CLANG_WARN_DOCUMENTATION_COMMENTS = YES;
				CLANG_WARN_EMPTY_BODY = YES;
				CLANG_WARN_ENUM_CONVERSION = YES;
				CLANG_WARN_INFINITE_RECURSION = YES;
				CLANG_WARN_INT_CONVERSION = YES;
				CLANG_WARN_NON_LITERAL_NULL_CONVERSION = YES;
				CLANG_WARN_OBJC_IMPLICIT_RETAIN_SELF = YES;
				CLANG_WARN_OBJC_LITERAL_CONVERSION = YES;
				CLANG_WARN_OBJC_ROOT_CLASS = YES_ERROR;
				CLANG_WARN_QUOTED_INCLUDE_IN_FRAMEWORK_HEADER = YES;
				CLANG_WARN_RANGE_LOOP_ANALYSIS = YES;
				CLANG_WARN_STRICT_PROTOTYPES = YES;
				CLANG_WARN_SUSPICIOUS_MOVE = YES;
				CLANG_WARN_UNGUARDED_AVAILABILITY = YES_AGGRESSIVE;
				CLANG_WARN_UNREACHABLE_CODE = YES;
				CLANG_WARN__DUPLICATE_METHOD_MATCH = YES;
				CODE_SIGN_STYLE = Automatic;
				COPY_PHASE_STRIP = NO;
				DEBUG_INFORMATION_FORMAT = "dwarf-with-dsym";
				DEVELOPMENT_TEAM = 8Q3RG3ULSU;
				ENABLE_NS_ASSERTIONS = NO;
				ENABLE_STRICT_OBJC_MSGSEND = YES;
				ENABLE_USER_SCRIPT_SANDBOXING = YES;
				GCC_C_LANGUAGE_STANDARD = gnu11;
				GCC_NO_COMMON_BLOCKS = YES;
				GCC_WARN_64_TO_32_BIT_CONVERSION = YES;
				GCC_WARN_ABOUT_RETURN_TYPE = YES_ERROR;
				GCC_WARN_UNDECLARED_SELECTOR = YES;
				GCC_WARN_UNINITIALIZED_AUTOS = YES_AGGRESSIVE;
				GCC_WARN_UNUSED_FUNCTION = YES;
				GCC_WARN_UNUSED_VARIABLE = YES;
				IPHONEOS_DEPLOYMENT_TARGET = 26.0;
				LOCALIZATION_PREFERS_STRING_CATALOGS = YES;
				MTL_ENABLE_DEBUG_INFO = NO;
				MTL_FAST_MATH = YES;
				PRODUCT_NAME = "$(TARGET_NAME)";
				SDKROOT = iphoneos;
				SWIFT_COMPILATION_MODE = wholemodule;
				SWIFT_EMIT_LOC_STRINGS = YES;
				SWIFT_OPTIMIZATION_LEVEL = "-O";
				SWIFT_STRICT_CONCURRENCY = complete;
				SWIFT_UPCOMING_FEATURE_EXISTENTIAL_ANY = YES;
				SWIFT_VERSION = 5.0;
			};
			name = Release;
		};
		B8BE349D9584B1A1AD451BD9 /* Debug */ = {
			isa = XCBuildConfiguration;
			baseConfigurationReference = DBC158F247888142811C2A71 /* Debug.xcconfig */;
			buildSettings = {
				ASSETCATALOG_COMPILER_APPICON_NAME = AppIcon;
				ASSETCATALOG_COMPILER_GLOBAL_ACCENT_COLOR_NAME = AccentColor;
				"CODE_SIGN_ENTITLEMENTS[sdk=iphoneos*]" = "Earmark/Resources/Earmark-Device.entitlements";
				"CODE_SIGN_ENTITLEMENTS[sdk=iphonesimulator*]" = Earmark/Resources/Earmark.entitlements;
				CODE_SIGN_IDENTITY = "iPhone Developer";
				CURRENT_PROJECT_VERSION = 1;
				ENABLE_PREVIEWS = YES;
				GENERATE_INFOPLIST_FILE = NO;
				INFOPLIST_FILE = Earmark/Resources/Info.plist;
				LD_RUNPATH_SEARCH_PATHS = "$(inherited) @executable_path/Frameworks";
				MARKETING_VERSION = 0.2.0;
				PRODUCT_BUNDLE_IDENTIFIER = com.vanities.earmark;
				PRODUCT_NAME = Earmark;
				SDKROOT = iphoneos;
				SUPPORTS_MACCATALYST = NO;
				SUPPORTS_MAC_DESIGNED_FOR_IPHONE_IPAD = NO;
				SUPPORTS_XR_DESIGNED_FOR_IPHONE_IPAD = NO;
				"SWIFT_ACTIVE_COMPILATION_CONDITIONS[sdk=iphoneos27.1]" = "$(inherited) IPHONE_DUO_LAYOUTS";
				"SWIFT_ACTIVE_COMPILATION_CONDITIONS[sdk=iphoneos27.2]" = "$(inherited) IPHONE_DUO_LAYOUTS";
				"SWIFT_ACTIVE_COMPILATION_CONDITIONS[sdk=iphonesimulator27.1]" = "$(inherited) IPHONE_DUO_LAYOUTS";
				"SWIFT_ACTIVE_COMPILATION_CONDITIONS[sdk=iphonesimulator27.2]" = "$(inherited) IPHONE_DUO_LAYOUTS";
				TARGETED_DEVICE_FAMILY = 1;
			};
			name = Debug;
		};
		E78C9297D24242088D2B3909 /* Release */ = {
			isa = XCBuildConfiguration;
			buildSettings = {
				"CODE_SIGN_ENTITLEMENTS[sdk=iphoneos*]" = "EarmarkWidgets/EarmarkWidgets-Device.entitlements";
				"CODE_SIGN_ENTITLEMENTS[sdk=iphonesimulator*]" = EarmarkWidgets/EarmarkWidgets.entitlements;
				CURRENT_PROJECT_VERSION = 1;
				GENERATE_INFOPLIST_FILE = NO;
				INFOPLIST_FILE = EarmarkWidgets/Info.plist;
				INFOPLIST_KEY_CFBundleDisplayName = Earmark;
				LD_RUNPATH_SEARCH_PATHS = "$(inherited) @executable_path/Frameworks @executable_path/../../Frameworks";
				MARKETING_VERSION = 0.2.0;
				PRODUCT_BUNDLE_IDENTIFIER = com.vanities.earmark.widgets;
				PRODUCT_NAME = EarmarkWidgets;
				SDKROOT = iphoneos;
				TARGETED_DEVICE_FAMILY = 1;
			};
			name = Release;
		};
		FB1A1E13822962BE60EE82D5 /* Release */ = {
			isa = XCBuildConfiguration;
			buildSettings = {
				BUNDLE_LOADER = "$(TEST_HOST)";
				GENERATE_INFOPLIST_FILE = YES;
				LD_RUNPATH_SEARCH_PATHS = (
					"$(inherited)",
					"@executable_path/Frameworks",
					"@loader_path/Frameworks",
				);
				PRODUCT_BUNDLE_IDENTIFIER = com.vanities.earmarkTests;
				SDKROOT = iphoneos;
				TARGETED_DEVICE_FAMILY = "1,2";
				TEST_HOST = "$(BUILT_PRODUCTS_DIR)/Earmark.app/$(BUNDLE_EXECUTABLE_FOLDER_PATH)/Earmark";
			};
			name = Release;
		};
/* End XCBuildConfiguration section */

/* Begin XCConfigurationList section */
		16E8A6A664688E5B377D398B /* Build configuration list for PBXNativeTarget "EarmarkTests" */ = {
			isa = XCConfigurationList;
			buildConfigurations = (
				5D135114BB78C03C9240A91F /* Debug */,
				FB1A1E13822962BE60EE82D5 /* Release */,
			);
			defaultConfigurationIsVisible = 0;
			defaultConfigurationName = Debug;
		};
		6BE04E3B87C9A5A2DBB20FC3 /* Build configuration list for PBXProject "Earmark" */ = {
			isa = XCConfigurationList;
			buildConfigurations = (
				354F9C2C64D928337C4CD6AE /* Debug */,
				991EC36D3C0F8BACF5172059 /* Release */,
			);
			defaultConfigurationIsVisible = 0;
			defaultConfigurationName = Debug;
		};
		DC3680BAB4A3A2F6966B96F5 /* Build configuration list for PBXNativeTarget "EarmarkWidgets" */ = {
			isa = XCConfigurationList;
			buildConfigurations = (
				6FF763605A1B2D4BE8B5D4D4 /* Debug */,
				E78C9297D24242088D2B3909 /* Release */,
			);
			defaultConfigurationIsVisible = 0;
			defaultConfigurationName = Debug;
		};
		F170F9C61E155B2A2C906111 /* Build configuration list for PBXNativeTarget "Earmark" */ = {
			isa = XCConfigurationList;
			buildConfigurations = (
				B8BE349D9584B1A1AD451BD9 /* Debug */,
				1452029B86DF2C4F0A69D225 /* Release */,
			);
			defaultConfigurationIsVisible = 0;
			defaultConfigurationName = Debug;
		};
/* End XCConfigurationList section */

/* Begin XCRemoteSwiftPackageReference section */
		68A85DC56B59AF1858E4942A /* XCRemoteSwiftPackageReference "shelfkit" */ = {
			isa = XCRemoteSwiftPackageReference;
			repositoryURL = "https://github.com/vanities/shelfkit.git";
			requirement = {
				kind = exactVersion;
				version = 0.13.1;
			};
		};
		93137C9C0A0D298A0C5437FF /* XCRemoteSwiftPackageReference "AMSMB2" */ = {
			isa = XCRemoteSwiftPackageReference;
			repositoryURL = "https://github.com/vanities/AMSMB2.git";
			requirement = {
				kind = exactVersion;
				version = 4.0.4;
			};
		};
/* End XCRemoteSwiftPackageReference section */

/* Begin XCSwiftPackageProductDependency section */
		080064CA7375FB2EB147A68D /* ShelfKit */ = {
			isa = XCSwiftPackageProductDependency;
			package = 68A85DC56B59AF1858E4942A /* XCRemoteSwiftPackageReference "shelfkit" */;
			productName = ShelfKit;
		};
		F56A508B36B9A9CBCA46A207 /* AMSMB2 */ = {
			isa = XCSwiftPackageProductDependency;
			package = 93137C9C0A0D298A0C5437FF /* XCRemoteSwiftPackageReference "AMSMB2" */;
			productName = AMSMB2;
		};
/* End XCSwiftPackageProductDependency section */
	};
	rootObject = 2E0FED915C47DD28FDB943E8 /* Project object */;
}
